// !$*UTF8*$!
{
	archiveVersion = 1;
	classes = {
	};
	objectVersion = 77;
	objects = {

/* Begin PBXContainerItemProxy section */
		805B951C2D3322590073A444 /* PBXContainerItemProxy */ = {
			isa = PBXContainerItemProxy;
			containerPortal = 805B95032D3322570073A444 /* Project object */;
			proxyType = 1;
			remoteGlobalIDString = 805B950A2D3322570073A444;
			remoteInfo = MirrorMirror;
		};
		805B95262D3322590073A444 /* PBXContainerItemProxy */ = {
			isa = PBXContainerItemProxy;
			containerPortal = 805B95032D3322570073A444 /* Project object */;
			proxyType = 1;
			remoteGlobalIDString = 805B950A2D3322570073A444;
			remoteInfo = MirrorMirror;
		};
/* End PBXContainerItemProxy section */

/* Begin PBXFileReference section */
		805B950B2D3322570073A444 /* MirrorMirror.app */ = {isa = PBXFileReference; explicitFileType = wrapper.application; includeInIndex = 0; path = MirrorMirror.app; sourceTree = BUILT_PRODUCTS_DIR; };
		805B951B2D3322590073A444 /* MirrorMirrorTests.xctest */ = {isa = PBXFileReference; explicitFileType = wrapper.cfbundle; includeInIndex = 0; path = MirrorMirrorTests.xctest; sourceTree = BUILT_PRODUCTS_DIR; };
		805B95252D3322590073A444 /* MirrorMirrorUITests.xctest */ = {isa = PBXFileReference; explicitFileType = wrapper.cfbundle; includeInIndex = 0; path = MirrorMirrorUITests.xctest; sourceTree = BUILT_PRODUCTS_DIR; };
/* End PBXFileReference section */

/* Begin PBXFileSystemSynchronizedBuildFileExceptionSet section */
		805B956C2D333EF70073A444 /* Exceptions for "MirrorMirror" folder in "MirrorMirror" target */ = {
			isa = PBXFileSystemSynchronizedBuildFileExceptionSet;
			membershipExceptions = (
				Info.plist,
			);
			target = 805B950A2D3322570073A444 /* MirrorMirror */;
		};
/* End PBXFileSystemSynchronizedBuildFileExceptionSet section */

/* Begin PBXFileSystemSynchronizedRootGroup section */
		805B950D2D3322570073A444 /* MirrorMirror */ = {
			isa = PBXFileSystemSynchronizedRootGroup;
			exceptions = (
				805B956C2D333EF70073A444 /* Exceptions for "MirrorMirror" folder in "MirrorMirror" target */,
			);
			path = MirrorMirror;
			sourceTree = "<group>";
		};
		805B951E2D3322590073A444 /* MirrorMirrorTests */ = {
			isa = PBXFileSystemSynchronizedRootGroup;
			path = MirrorMirrorTests;
			sourceTree = "<group>";
		};
		805B95282D3322590073A444 /* MirrorMirrorUITests */ = {
			isa = PBXFileSystemSynchronizedRootGroup;
			path = MirrorMirrorUITests;
			sourceTree = "<group>";
		};
/* End PBXFileSystemSynchronizedRootGroup section */

/* Begin PBXFrameworksBuildPhase section */
		805B95082D3322570073A444 /* Frameworks */ = {
			isa = PBXFrameworksBuildPhase;
			buildActionMask = 2147483647;
			files = (
			);
			runOnlyForDeploymentPostprocessing = 0;
		};
		805B95182D3322590073A444 /* Frameworks */ = {
			isa = PBXFrameworksBuildPhase;
			buildActionMask = 2147483647;
			files = (
			);
			runOnlyForDeploymentPostprocessing = 0;
		};
		805B95222D3322590073A444 /* Frameworks */ = {
			isa = PBXFrameworksBuildPhase;
			buildActionMask = 2147483647;
			files = (
			);
			runOnlyForDeploymentPostprocessing = 0;
		};
/* End PBXFrameworksBuildPhase section */

/* Begin PBXGroup section */
		805B95022D3322570073A444 = {
			isa = PBXGroup;
			children = (
				805B950D2D3322570073A444 /* MirrorMirror */,
				805B951E2D3322590073A444 /* MirrorMirrorTests */,
				805B95282D3322590073A444 /* MirrorMirrorUITests */,
				805B950C2D3322570073A444 /* Products */,
			);
			sourceTree = "<group>";
		};
		805B950C2D3322570073A444 /* Products */ = {
			isa = PBXGroup;
			children = (
				805B950B2D3322570073A444 /* MirrorMirror.app */,
				805B951B2D3322590073A444 /* MirrorMirrorTests.xctest */,
				805B95252D3322590073A444 /* MirrorMirrorUITests.xctest */,
			);
			name = Products;
			sourceTree = "<group>";
		};
/* End PBXGroup section */

/* Begin PBXNativeTarget section */
		805B950A2D3322570073A444 /* MirrorMirror */ = {
			isa = PBXNativeTarget;
			buildConfigurationList = 805B952F2D3322590073A444 /* Build configuration list for PBXNativeTarget "MirrorMirror" */;
			buildPhases = (
				805B95072D3322570073A444 /* Sources */,
				805B95082D3322570073A444 /* Frameworks */,
				805B95092D3322570073A444 /* Resources */,
			);
			buildRules = (
			);
			dependencies = (
			);
			fileSystemSynchronizedGroups = (
				805B950D2D3322570073A444 /* MirrorMirror */,
			);
			name = MirrorMirror;
			packageProductDependencies = (
			);
			productName = MirrorMirror;
			productReference = 805B950B2D3322570073A444 /* MirrorMirror.app */;
			productType = "com.apple.product-type.application";
		};
		805B951A2D3322590073A444 /* MirrorMirrorTests */ = {
			isa = PBXNativeTarget;
			buildConfigurationList = 805B95322D3322590073A444 /* Build configuration list for PBXNativeTarget "MirrorMirrorTests" */;
			buildPhases = (
				805B95172D3322590073A444 /* Sources */,
				805B95182D3322590073A444 /* Frameworks */,
				805B95192D3322590073A444 /* Resources */,
			);
			buildRules = (
			);
			dependencies = (
				805B951D2D3322590073A444 /* PBXTargetDependency */,
			);
			fileSystemSynchronizedGroups = (
				805B951E2D3322590073A444 /* MirrorMirrorTests */,
			);
			name = MirrorMirrorTests;
			packageProductDependencies = (
			);
			productName = MirrorMirrorTests;
			productReference = 805B951B2D3322590073A444 /* MirrorMirrorTests.xctest */;
			productType = "com.apple.product-type.bundle.unit-test";
		};
		805B95242D3322590073A444 /* MirrorMirrorUITests */ = {
			isa = PBXNativeTarget;
			buildConfigurationList = 805B95352D3322590073A444 /* Build configuration list for PBXNativeTarget "MirrorMirrorUITests" */;
			buildPhases = (
				805B95212D3322590073A444 /* Sources */,
				805B95222D3322590073A444 /* Frameworks */,
				805B95232D3322590073A444 /* Resources */,
			);
			buildRules = (
			);
			dependencies = (
				805B95272D3322590073A444 /* PBXTargetDependency */,
			);
			fileSystemSynchronizedGroups = (
				805B95282D3322590073A444 /* MirrorMirrorUITests */,
			);
			name = MirrorMirrorUITests;
			packageProductDependencies = (
			);
			productName = MirrorMirrorUITests;
			productReference = 805B95252D3322590073A444 /* MirrorMirrorUITests.xctest */;
			productType = "com.apple.product-type.bundle.ui-testing";
		};
/* End PBXNativeTarget section */

/* Begin PBXProject section */
		805B95032D3322570073A444 /* Project object */ = {
			isa = PBXProject;
			attributes = {
				BuildIndependentTargetsInParallel = 1;
				LastSwiftUpdateCheck = 1620;
				LastUpgradeCheck = 1620;
				TargetAttributes = {
					805B950A2D3322570073A444 = {
						CreatedOnToolsVersion = 16.2;
					};
					805B951A2D3322590073A444 = {
						CreatedOnToolsVersion = 16.2;
						TestTargetID = 805B950A2D3322570073A444;
					};
					805B95242D3322590073A444 = {
						CreatedOnToolsVersion = 16.2;
						TestTargetID = 805B950A2D3322570073A444;
					};
				};
			};
			buildConfigurationList = 805B95062D3322570073A444 /* Build configuration list for PBXProject "MirrorMirror" */;
			developmentRegion = en;
			hasScannedForEncodings = 0;
			knownRegions = (
				en,
				Base,
			);
			mainGroup = 805B95022D3322570073A444;
			minimizedProjectReferenceProxies = 1;
			preferredProjectObjectVersion = 77;
			productRefGroup = 805B950C2D3322570073A444 /* Products */;
			projectDirPath = "";
			projectRoot = "";
			targets = (
				805B950A2D3322570073A444 /* MirrorMirror */,
				805B951A2D3322590073A444 /* MirrorMirrorTests */,
				805B95242D3322590073A444 /* MirrorMirrorUITests */,
			);
		};
/* End PBXProject section */

/* Begin PBXResourcesBuildPhase section */
		805B95092D3322570073A444 /* Resources */ = {
			isa = PBXResourcesBuildPhase;
			buildActionMask = 2147483647;
			files = (
			);
			runOnlyForDeploymentPostprocessing = 0;
		};
		805B95192D3322590073A444 /* Resources */ = {
			isa = PBXResourcesBuildPhase;
			buildActionMask = 2147483647;
			files = (
			);
			runOnlyForDeploymentPostprocessing = 0;
		};
		805B95232D3322590073A444 /* Resources */ = {
			isa = PBXResourcesBuildPhase;
			buildActionMask = 2147483647;
			files = (
			);
			runOnlyForDeploymentPostprocessing = 0;
		};
/* End PBXResourcesBuildPhase section */

/* Begin PBXSourcesBuildPhase section */
		805B95072D3322570073A444 /* Sources */ = {
			isa = PBXSourcesBuildPhase;
			buildActionMask = 2147483647;
			files = (
			);
			runOnlyForDeploymentPostprocessing = 0;
		};
		805B95172D3322590073A444 /* Sources */ = {
			isa = PBXSourcesBuildPhase;
			buildActionMask = 2147483647;
			files = (
			);
			runOnlyForDeploymentPostprocessing = 0;
		};
		805B95212D3322590073A444 /* Sources */ = {
			isa = PBXSourcesBuildPhase;
			buildActionMask = 2147483647;
			files = (
			);
			runOnlyForDeploymentPostprocessing = 0;
		};
/* End PBXSourcesBuildPhase section */

/* Begin PBXTargetDependency section */
		805B951D2D3322590073A444 /* PBXTargetDependency */ = {
			isa = PBXTargetDependency;
			target = 805B950A2D3322570073A444 /* MirrorMirror */;
			targetProxy = 805B951C2D3322590073A444 /* PBXContainerItemProxy */;
		};
		805B95272D3322590073A444 /* PBXTargetDependency */ = {
			isa = PBXTargetDependency;
			target = 805B950A2D3322570073A444 /* MirrorMirror */;
			targetProxy = 805B95262D3322590073A444 /* PBXContainerItemProxy */;
		};
/* End PBXTargetDependency section */

/* Begin XCBuildConfiguration section */
		805B952D2D3322590073A444 /* Debug */ = {
			isa = XCBuildConfiguration;
			buildSettings = {
				ALWAYS_SEARCH_USER_PATHS = NO;
				ASSETCATALOG_COMPILER_GENERATE_SWIFT_ASSET_SYMBOL_EXTENSIONS = YES;
				CLANG_ANALYZER_NONNULL = YES;
				CLANG_ANALYZER_NUMBER_OBJECT_CONVERSION = YES_AGGRESSIVE;
				CLANG_CXX_LANGUAGE_STANDARD = "gnu++20";
				CLANG_ENABLE_MODULES = YES;
				CLANG_ENABLE_OBJC_ARC = YES;
				CLANG_ENABLE_OBJC_WEAK = YES;
				CLANG_WARN_BLOCK_CAPTURE_AUTORELEASING = YES;
				CLANG_WARN_BOOL_CONVERSION = YES;
				CLANG_WARN_COMMA = YES;
				CLANG_WARN_CONSTANT_CONVERSION = YES;
				CLANG_WARN_DEPRECATED_OBJC_IMPLEMENTATIONS = YES;
				CLANG_WARN_DIRECT_OBJC_ISA_USAGE = YES_ERROR;
				CLANG_WARN_DOCUMENTATION_COMMENTS = YES;
				CLANG_WARN_EMPTY_BODY = YES;
				CLANG_WARN_ENUM_CONVERSION = YES;
				CLANG_WARN_INFINITE_RECURSION = YES;
				CLANG_WARN_INT_CONVERSION = YES;
				CLANG_WARN_NON_LITERAL_NULL_CONVERSION = YES;
				CLANG_WARN_OBJC_IMPLICIT_RETAIN_SELF = YES;
				CLANG_WARN_OBJC_LITERAL_CONVERSION = YES;
				CLANG_WARN_OBJC_ROOT_CLASS = YES_ERROR;
				CLANG_WARN_QUOTED_INCLUDE_IN_FRAMEWORK_HEADER = YES;
				CLANG_WARN_RANGE_LOOP_ANALYSIS = YES;
				CLANG_WARN_STRICT_PROTOTYPES = YES;
				CLANG_WARN_SUSPICIOUS_MOVE = YES;
				CLANG_WARN_UNGUARDED_AVAILABILITY = YES_AGGRESSIVE;
				CLANG_WARN_UNREACHABLE_CODE = YES;
				CLANG_WARN__DUPLICATE_METHOD_MATCH = YES;
				COPY_PHASE_STRIP = NO;
				DEBUG_INFORMATION_FORMAT = dwarf;
				ENABLE_STRICT_OBJC_MSGSEND = YES;
				ENABLE_TESTABILITY = YES;
				ENABLE_USER_SCRIPT_SANDBOXING = YES;
				GCC_C_LANGUAGE_STANDARD = gnu17;
				GCC_DYNAMIC_NO_PIC = NO;
				GCC_NO_COMMON_BLOCKS = YES;
				GCC_OPTIMIZATION_LEVEL = 0;
				GCC_PREPROCESSOR_DEFINITIONS = (
					"DEBUG=1",
					"$(inherited)",
				);
				GCC_WARN_64_TO_32_BIT_CONVERSION = YES;
				GCC_WARN_ABOUT_RETURN_TYPE = YES_ERROR;
				GCC_WARN_UNDECLARED_SELECTOR = YES;
				GCC_WARN_UNINITIALIZED_AUTOS = YES_AGGRESSIVE;
				GCC_WARN_UNUSED_FUNCTION = YES;
				GCC_WARN_UNUSED_VARIABLE = YES;
				IPHONEOS_DEPLOYMENT_TARGET = 18.2;
				LOCALIZATION_PREFERS_STRING_CATALOGS = YES;
				MTL_ENABLE_DEBUG_INFO = INCLUDE_SOURCE;
				MTL_FAST_MATH = YES;
				NEW_SETTING = "";
				ONLY_ACTIVE_ARCH = YES;
				SDKROOT = iphoneos;
				SWIFT_ACTIVE_COMPILATION_CONDITIONS = "DEBUG $(inherited)";
				SWIFT_OPTIMIZATION_LEVEL = "-Onone";
			};
			name = Debug;
		};
		805B952E2D3322590073A444 /* Release */ = {
			isa = XCBuildConfiguration;
			buildSettings = {
				ALWAYS_SEARCH_USER_PATHS = NO;
				ASSETCATALOG_COMPILER_GENERATE_SWIFT_ASSET_SYMBOL_EXTENSIONS = YES;
				CLANG_ANALYZER_NONNULL = YES;
				CLANG_ANALYZER_NUMBER_OBJECT_CONVERSION = YES_AGGRESSIVE;
				CLANG_CXX_LANGUAGE_STANDARD = "gnu++20";
				CLANG_ENABLE_MODULES = YES;
				CLANG_ENABLE_OBJC_ARC = YES;
				CLANG_ENABLE_OBJC_WEAK = YES;
				CLANG_WARN_BLOCK_CAPTURE_AUTORELEASING = YES;
				CLANG_WARN_BOOL_CONVERSION = YES;
				CLANG_WARN_COMMA = YES;
				CLANG_WARN_CONSTANT_CONVERSION = YES;
				CLANG_WARN_DEPRECATED_OBJC_IMPLEMENTATIONS = YES;
				CLANG_WARN_DIRECT_OBJC_ISA_USAGE = YES_ERROR;
				CLANG_WARN_DOCUMENTATION_COMMENTS = YES;
				CLANG_WARN_EMPTY_BODY = YES;
				CLANG_WARN_ENUM_CONVERSION = YES;
				CLANG_WARN_INFINITE_RECURSION = YES;
				CLANG_WARN_INT_CONVERSION = YES;
				CLANG_WARN_NON_LITERAL_NULL_CONVERSION = YES;
				CLANG_WARN_OBJC_IMPLICIT_RETAIN_SELF = YES;
				CLANG_WARN_OBJC_LITERAL_CONVERSION = YES;
				CLANG_WARN_OBJC_ROOT_CLASS = YES_ERROR;
				CLANG_WARN_QUOTED_INCLUDE_IN_FRAMEWORK_HEADER = YES;
				CLANG_WARN_RANGE_LOOP_ANALYSIS = YES;
				CLANG_WARN_STRICT_PROTOTYPES = YES;
				CLANG_WARN_SUSPICIOUS_MOVE = YES;
				CLANG_WARN_UNGUARDED_AVAILABILITY = YES_AGGRESSIVE;
				CLANG_WARN_UNREACHABLE_CODE = YES;
				CLANG_WARN__DUPLICATE_METHOD_MATCH = YES;
				COPY_PHASE_STRIP = NO;
				DEBUG_INFORMATION_FORMAT = "dwarf-with-dsym";
				ENABLE_NS_ASSERTIONS = NO;
				ENABLE_STRICT_OBJC_MSGSEND = YES;
				ENABLE_USER_SCRIPT_SANDBOXING = YES;
				GCC_C_LANGUAGE_STANDARD = gnu17;
				GCC_NO_COMMON_BLOCKS = YES;
				GCC_WARN_64_TO_32_BIT_CONVERSION = YES;
				GCC_WARN_ABOUT_RETURN_TYPE = YES_ERROR;
				GCC_WARN_UNDECLARED_SELECTOR = YES;
				GCC_WARN_UNINITIALIZED_AUTOS = YES_AGGRESSIVE;
				GCC_WARN_UNUSED_FUNCTION = YES;
				GCC_WARN_UNUSED_VARIABLE = YES;
				IPHONEOS_DEPLOYMENT_TARGET = 18.2;
				LOCALIZATION_PREFERS_STRING_CATALOGS = YES;
				MTL_ENABLE_DEBUG_INFO = NO;
				MTL_FAST_MATH = YES;
				NEW_SETTING = "";
				SDKROOT = iphoneos;
				SWIFT_COMPILATION_MODE = wholemodule;
				VALIDATE_PRODUCT = YES;
			};
			name = Release;
		};
		805B95302D3322590073A444 /* Debug */ = {
			isa = XCBuildConfiguration;
			buildSettings = {
				ASSETCATALOG_COMPILER_APPICON_NAME = AppIcon;
				ASSETCATALOG_COMPILER_GLOBAL_ACCENT_COLOR_NAME = AccentColor;
				ASSETCATALOG_COMPILER_INCLUDE_ALL_APPICON_ASSETS = NO;
				CODE_SIGN_STYLE = Automatic;
				CURRENT_PROJECT_VERSION = 1;
				DEVELOPMENT_ASSET_PATHS = "\"MirrorMirror/Preview Content\"";
				DEVELOPMENT_TEAM = 34587JNE8E;
				ENABLE_PREVIEWS = YES;
				GENERATE_INFOPLIST_FILE = YES;
				INFOPLIST_FILE = MirrorMirror/Info.plist;
				INFOPLIST_KEY_LSApplicationCategoryType = "public.app-category.photography";
				INFOPLIST_KEY_NSCameraUsageDescription = "MirrorMirror needs to use camera to stream.";
				INFOPLIST_KEY_NSLocalNetworkUsageDescription = "Mirror Mirror needs local network.";
				INFOPLIST_KEY_NSMicrophoneUsageDescription = "MirrorMirror needs access to your microphone to stream audio.";
				INFOPLIST_KEY_NSPhotoLibraryAddUsageDescription = "MirrorMirror needs access to save captured photos to your library.";
				INFOPLIST_KEY_NSPhotoLibraryUsageDescription = "MirrorMirror needs access to save captured photos to your library.";
				INFOPLIST_KEY_UIApplicationSupportsIndirectInputEvents = YES;
				INFOPLIST_KEY_UILaunchScreen_Generation = YES;
				INFOPLIST_KEY_UIRequiredDeviceCapabilities = armv7;
				INFOPLIST_KEY_UISupportedInterfaceOrientations_iPad = "UIInterfaceOrientationPortrait UIInterfaceOrientationPortraitUpsideDown UIInterfaceOrientationLandscapeLeft UIInterfaceOrientationLandscapeRight";
				INFOPLIST_KEY_UISupportedInterfaceOrientations_iPhone = "UIInterfaceOrientationPortrait UIInterfaceOrientationLandscapeLeft UIInterfaceOrientationLandscapeRight";
				IPHONEOS_DEPLOYMENT_TARGET = 18.0;
				LD_RUNPATH_SEARCH_PATHS = (
					"$(inherited)",
					"@executable_path/Frameworks",
				);
				MARKETING_VERSION = 1.0;
				PRODUCT_BUNDLE_IDENTIFIER = sriramph.MirrorMirror;
				PRODUCT_NAME = "$(TARGET_NAME)";
				SWIFT_EMIT_LOC_STRINGS = YES;
				SWIFT_VERSION = 5.0;
				TARGETED_DEVICE_FAMILY = "1,2";
			};
			name = Debug;
		};
		805B95312D3322590073A444 /* Release */ = {
			isa = XCBuildConfiguration;
			buildSettings = {
				ASSETCATALOG_COMPILER_APPICON_NAME = AppIcon;
				ASSETCATALOG_COMPILER_GLOBAL_ACCENT_COLOR_NAME = AccentColor;
				ASSETCATALOG_COMPILER_INCLUDE_ALL_APPICON_ASSETS = NO;
				CODE_SIGN_STYLE = Automatic;
				CURRENT_PROJECT_VERSION = 1;
				DEVELOPMENT_ASSET_PATHS = "\"MirrorMirror/Preview Content\"";
				DEVELOPMENT_TEAM = 34587JNE8E;
				ENABLE_PREVIEWS = YES;
				GENERATE_INFOPLIST_FILE = YES;
				INFOPLIST_FILE = MirrorMirror/Info.plist;
				INFOPLIST_KEY_LSApplicationCategoryType = "public.app-category.photography";
				INFOPLIST_KEY_NSCameraUsageDescription = "MirrorMirror needs to use camera to stream.";
				INFOPLIST_KEY_NSLocalNetworkUsageDescription = "Mirror Mirror needs local network.";
				INFOPLIST_KEY_NSMicrophoneUsageDescription = "MirrorMirror needs access to your microphone to stream audio.";
				INFOPLIST_KEY_NSPhotoLibraryAddUsageDescription = "MirrorMirror needs access to save captured photos to your library.";
				INFOPLIST_KEY_NSPhotoLibraryUsageDescription = "MirrorMirror needs access to save captured photos to your library.";
				INFOPLIST_KEY_UIApplicationSupportsIndirectInputEvents = YES;
				INFOPLIST_KEY_UILaunchScreen_Generation = YES;
				INFOPLIST_KEY_UIRequiredDeviceCapabilities = armv7;
				INFOPLIST_KEY_UISupportedInterfaceOrientations_iPad = "UIInterfaceOrientationPortrait UIInterfaceOrientationPortraitUpsideDown UIInterfaceOrientationLandscapeLeft UIInterfaceOrientationLandscapeRight";
				INFOPLIST_KEY_UISupportedInterfaceOrientations_iPhone = "UIInterfaceOrientationPortrait UIInterfaceOrientationLandscapeLeft UIInterfaceOrientationLandscapeRight";
				IPHONEOS_DEPLOYMENT_TARGET = 18.0;
				LD_RUNPATH_SEARCH_PATHS = (
					"$(inherited)",
					"@executable_path/Frameworks",
				);
				MARKETING_VERSION = 1.0;
				PRODUCT_BUNDLE_IDENTIFIER = sriramph.MirrorMirror;
				PRODUCT_NAME = "$(TARGET_NAME)";
				SWIFT_EMIT_LOC_STRINGS = YES;
				SWIFT_VERSION = 5.0;
				TARGETED_DEVICE_FAMILY = "1,2";
			};
			name = Release;
		};
		805B95332D3322590073A444 /* Debug */ = {
			isa = XCBuildConfiguration;
			buildSettings = {
				BUNDLE_LOADER = "$(TEST_HOST)";
				CODE_SIGN_STYLE = Automatic;
				CURRENT_PROJECT_VERSION = 1;
				DEVELOPMENT_TEAM = 34587JNE8E;
				GENERATE_INFOPLIST_FILE = YES;
				IPHONEOS_DEPLOYMENT_TARGET = 18.2;
				MARKETING_VERSION = 1.0;
				PRODUCT_BUNDLE_IDENTIFIER = sriramph.MirrorMirrorTests;
				PRODUCT_NAME = "$(TARGET_NAME)";
				SWIFT_EMIT_LOC_STRINGS = NO;
				SWIFT_VERSION = 5.0;
				TARGETED_DEVICE_FAMILY = "1,2";
				TEST_HOST = "$(BUILT_PRODUCTS_DIR)/MirrorMirror.app/$(BUNDLE_EXECUTABLE_FOLDER_PATH)/MirrorMirror";
			};
			name = Debug;
		};
		805B95342D3322590073A444 /* Release */ = {
			isa = XCBuildConfiguration;
			buildSettings = {
				BUNDLE_LOADER = "$(TEST_HOST)";
				CODE_SIGN_STYLE = Automatic;
				CURRENT_PROJECT_VERSION = 1;
				DEVELOPMENT_TEAM = 34587JNE8E;
				GENERATE_INFOPLIST_FILE = YES;
				IPHONEOS_DEPLOYMENT_TARGET = 18.2;
				MARKETING_VERSION = 1.0;
				PRODUCT_BUNDLE_IDENTIFIER = sriramph.MirrorMirrorTests;
				PRODUCT_NAME = "$(TARGET_NAME)";
				SWIFT_EMIT_LOC_STRINGS = NO;
				SWIFT_VERSION = 5.0;
				TARGETED_DEVICE_FAMILY = "1,2";
				TEST_HOST = "$(BUILT_PRODUCTS_DIR)/MirrorMirror.app/$(BUNDLE_EXECUTABLE_FOLDER_PATH)/MirrorMirror";
			};
			name = Release;
		};
		805B95362D3322590073A444 /* Debug */ = {
			isa = XCBuildConfiguration;
			buildSettings = {
				CODE_SIGN_STYLE = Automatic;
				CURRENT_PROJECT_VERSION = 1;
				DEVELOPMENT_TEAM = 34587JNE8E;
				GENERATE_INFOPLIST_FILE = YES;
				MARKETING_VERSION = 1.0;
				PRODUCT_BUNDLE_IDENTIFIER = sriramph.MirrorMirrorUITests;
				PRODUCT_NAME = "$(TARGET_NAME)";
				SWIFT_EMIT_LOC_STRINGS = NO;
				SWIFT_VERSION = 5.0;
				TARGETED_DEVICE_FAMILY = "1,2";
				TEST_TARGET_NAME = MirrorMirror;
			};
			name = Debug;
		};
		805B95372D3322590073A444 /* Release */ = {
			isa = XCBuildConfiguration;
			buildSettings = {
				CODE_SIGN_STYLE = Automatic;
				CURRENT_PROJECT_VERSION = 1;
				DEVELOPMENT_TEAM = 34587JNE8E;
				GENERATE_INFOPLIST_FILE = YES;
				MARKETING_VERSION = 1.0;
				PRODUCT_BUNDLE_IDENTIFIER = sriramph.MirrorMirrorUITests;
				PRODUCT_NAME = "$(TARGET_NAME)";
				SWIFT_EMIT_LOC_STRINGS = NO;
				SWIFT_VERSION = 5.0;
				TARGETED_DEVICE_FAMILY = "1,2";
				TEST_TARGET_NAME = MirrorMirror;
			};
			name = Release;
		};
/* End XCBuildConfiguration section */

/* Begin XCConfigurationList section */
		805B95062D3322570073A444 /* Build configuration list for PBXProject "MirrorMirror" */ = {
			isa = XCConfigurationList;
			buildConfigurations = (
				805B952D2D3322590073A444 /* Debug */,
				805B952E2D3322590073A444 /* Release */,
			);
			defaultConfigurationIsVisible = 0;
			defaultConfigurationName = Release;
		};
		805B952F2D3322590073A444 /* Build configuration list for PBXNativeTarget "MirrorMirror" */ = {
			isa = XCConfigurationList;
			buildConfigurations = (
				805B95302D3322590073A444 /* Debug */,
				805B95312D3322590073A444 /* Release */,
			);
			defaultConfigurationIsVisible = 0;
			defaultConfigurationName = Release;
		};
		805B95322D3322590073A444 /* Build configuration list for PBXNativeTarget "MirrorMirrorTests" */ = {
			isa = XCConfigurationList;
			buildConfigurations = (
				805B95332D3322590073A444 /* Debug */,
				805B95342D3322590073A444 /* Release */,
			);
			defaultConfigurationIsVisible = 0;
			defaultConfigurationName = Release;
		};
		805B95352D3322590073A444 /* Build configuration list for PBXNativeTarget "MirrorMirrorUITests" */ = {
			isa = XCConfigurationList;
			buildConfigurations = (
				805B95362D3322590073A444 /* Debug */,
				805B95372D3322590073A444 /* Release */,
			);
			defaultConfigurationIsVisible = 0;
			defaultConfigurationName = Release;
		};
/* End XCConfigurationList section */
	};
	rootObject = 805B95032D3322570073A444 /* Project object */;
}
