// !$*UTF8*$!
{
	archiveVersion = 1;
	classes = {
	};
	objectVersion = 77;
	objects = {

/* Begin PBXBuildFile section */
		A1B2C3D4E5F60718293A4B03 /* LiveKitWebRTC in Frameworks */ = {isa = PBXBuildFile; productRef = A1B2C3D4E5F60718293A4B02 /* LiveKitWebRTC */; };
		B10000000000000000000002 /* MirrorMirrorNotifications.appex in Embed Foundation Extensions */ = {isa = PBXBuildFile; fileRef = B10000000000000000000001 /* MirrorMirrorNotifications.appex */; settings = {ATTRIBUTES = (RemoveHeadersOnCopy, ); }; };
		C10000000000000000000003 /* MirrorUI in Frameworks */ = {isa = PBXBuildFile; productRef = C10000000000000000000002 /* MirrorUI */; };
		D1000000000000000000000C /* MirrorUI in Frameworks */ = {isa = PBXBuildFile; productRef = D1000000000000000000000B /* MirrorUI */; };
		D1000000000000000000000D /* MirrorMirrorWatch.app in Embed Watch Content */ = {isa = PBXBuildFile; fileRef = D10000000000000000000001 /* MirrorMirrorWatch.app */; platformFilters = (ios, ); settings = {ATTRIBUTES = (RemoveHeadersOnCopy, ); }; };
		F10000000000000000000B /* MirrorUI in Frameworks */ = {isa = PBXBuildFile; productRef = F10000000000000000000A /* MirrorUI */; };
		F10000000000000000000D /* LiveKitWebRTC in Frameworks */ = {isa = PBXBuildFile; productRef = F10000000000000000000C /* LiveKitWebRTC */; };
		F20000000000000000000B /* MirrorUI in Frameworks */ = {isa = PBXBuildFile; productRef = F20000000000000000000A /* MirrorUI */; };
		F20000000000000000000D /* LiveKitWebRTC in Frameworks */ = {isa = PBXBuildFile; productRef = F20000000000000000000C /* LiveKitWebRTC */; };
		F30000000000000000000002 /* MirrorMirrorTopShelf.appex in Embed Foundation Extensions */ = {isa = PBXBuildFile; fileRef = F30000000000000000000001 /* MirrorMirrorTopShelf.appex */; settings = {ATTRIBUTES = (RemoveHeadersOnCopy, ); }; };
/* End PBXBuildFile section */

/* Begin PBXContainerItemProxy section */
		805B951C2D3322590073A444 /* PBXContainerItemProxy */ = {
			isa = PBXContainerItemProxy;
			containerPortal = 805B95032D3322570073A444 /* Project object */;
			proxyType = 1;
			remoteGlobalIDString = 805B950A2D3322570073A444;
			remoteInfo = MirrorMirror;
		};
		805B95262D3322590073A444 /* PBXContainerItemProxy */ = {
			isa = PBXContainerItemProxy;
			containerPortal = 805B95032D3322570073A444 /* Project object */;
			proxyType = 1;
			remoteGlobalIDString = 805B950A2D3322570073A444;
			remoteInfo = MirrorMirror;
		};
		B10000000000000000000004 /* PBXContainerItemProxy */ = {
			isa = PBXContainerItemProxy;
			containerPortal = 805B95032D3322570073A444 /* Project object */;
			proxyType = 1;
			remoteGlobalIDString = B1000000000000000000000C;
			remoteInfo = MirrorMirrorNotifications;
		};
		D1000000000000000000000F /* PBXContainerItemProxy */ = {
			isa = PBXContainerItemProxy;
			containerPortal = 805B95032D3322570073A444 /* Project object */;
			proxyType = 1;
			remoteGlobalIDString = D10000000000000000000007;
			remoteInfo = MirrorMirrorWatch;
		};
		F30000000000000000000004 /* PBXContainerItemProxy */ = {
			isa = PBXContainerItemProxy;
			containerPortal = 805B95032D3322570073A444 /* Project object */;
			proxyType = 1;
			remoteGlobalIDString = F3000000000000000000000B;
			remoteInfo = MirrorMirrorTopShelf;
		};
/* End PBXContainerItemProxy section */

/* Begin PBXCopyFilesBuildPhase section */
		B10000000000000000000003 /* Embed Foundation Extensions */ = {
			isa = PBXCopyFilesBuildPhase;
			buildActionMask = 2147483647;
			dstPath = "";
			dstSubfolderSpec = 13;
			files = (
				B10000000000000000000002 /* MirrorMirrorNotifications.appex in Embed Foundation Extensions */,
			);
			name = "Embed Foundation Extensions";
			runOnlyForDeploymentPostprocessing = 0;
		};
		D1000000000000000000000E /* Embed Watch Content */ = {
			isa = PBXCopyFilesBuildPhase;
			buildActionMask = 2147483647;
			dstPath = "$(CONTENTS_FOLDER_PATH)/Watch";
			dstSubfolderSpec = 16;
			files = (
				D1000000000000000000000D /* MirrorMirrorWatch.app in Embed Watch Content */,
			);
			name = "Embed Watch Content";
			runOnlyForDeploymentPostprocessing = 0;
		};
		F30000000000000000000003 /* Embed Foundation Extensions */ = {
			isa = PBXCopyFilesBuildPhase;
			buildActionMask = 2147483647;
			dstPath = "";
			dstSubfolderSpec = 13;
			files = (
				F30000000000000000000002 /* MirrorMirrorTopShelf.appex in Embed Foundation Extensions */,
			);
			name = "Embed Foundation Extensions";
			runOnlyForDeploymentPostprocessing = 0;
		};
/* End PBXCopyFilesBuildPhase section */

/* Begin PBXFileReference section */
		805B950B2D3322570073A444 /* MirrorMirror.app */ = {isa = PBXFileReference; explicitFileType = wrapper.application; includeInIndex = 0; path = MirrorMirror.app; sourceTree = BUILT_PRODUCTS_DIR; };
		805B951B2D3322590073A444 /* MirrorMirrorTests.xctest */ = {isa = PBXFileReference; explicitFileType = wrapper.cfbundle; includeInIndex = 0; path = MirrorMirrorTests.xctest; sourceTree = BUILT_PRODUCTS_DIR; };
		805B95252D3322590073A444 /* MirrorMirrorUITests.xctest */ = {isa = PBXFileReference; explicitFileType = wrapper.cfbundle; includeInIndex = 0; path = MirrorMirrorUITests.xctest; sourceTree = BUILT_PRODUCTS_DIR; };
		B10000000000000000000001 /* MirrorMirrorNotifications.appex */ = {isa = PBXFileReference; explicitFileType = "wrapper.app-extension"; includeInIndex = 0; path = MirrorMirrorNotifications.appex; sourceTree = BUILT_PRODUCTS_DIR; };
		D10000000000000000000001 /* MirrorMirrorWatch.app */ = {isa = PBXFileReference; explicitFileType = wrapper.application; includeInIndex = 0; path = MirrorMirrorWatch.app; sourceTree = BUILT_PRODUCTS_DIR; };
		F100000000000000000000 /* MirrorMirrorTV.app */ = {isa = PBXFileReference; explicitFileType = wrapper.application; includeInIndex = 0; path = MirrorMirrorTV.app; sourceTree = BUILT_PRODUCTS_DIR; };
		F200000000000000000000 /* MirrorMirrorVision.app */ = {isa = PBXFileReference; explicitFileType = wrapper.application; includeInIndex = 0; path = MirrorMirrorVision.app; sourceTree = BUILT_PRODUCTS_DIR; };
		F30000000000000000000001 /* MirrorMirrorTopShelf.appex */ = {isa = PBXFileReference; explicitFileType = "wrapper.app-extension"; includeInIndex = 0; path = MirrorMirrorTopShelf.appex; sourceTree = BUILT_PRODUCTS_DIR; };
/* End PBXFileReference section */

/* Begin PBXFileSystemSynchronizedBuildFileExceptionSet section */
		805B956C2D333EF70073A444 /* Exceptions for "MirrorMirror" folder in "MirrorMirror" target */ = {
			isa = PBXFileSystemSynchronizedBuildFileExceptionSet;
			membershipExceptions = (
				Info.plist,
			);
			target = 805B950A2D3322570073A444 /* MirrorMirror */;
		};
		B10000000000000000000008 /* Exceptions for "MirrorMirrorNotifications" folder in "MirrorMirrorNotifications" target */ = {
			isa = PBXFileSystemSynchronizedBuildFileExceptionSet;
			membershipExceptions = (
				Info.plist,
				MirrorMirrorNotifications.entitlements,
			);
			target = B1000000000000000000000C /* MirrorMirrorNotifications */;
		};
		D10000000000000000000003 /* Exceptions for "MirrorMirrorWatch" folder in "MirrorMirrorWatch" target */ = {
			isa = PBXFileSystemSynchronizedBuildFileExceptionSet;
			membershipExceptions = (
				MirrorMirrorWatch.entitlements,
			);
			target = D10000000000000000000007 /* MirrorMirrorWatch */;
		};
		F100000000000000000002 /* Exceptions for "MirrorMirrorTV" folder in "MirrorMirrorTV" target */ = {
			isa = PBXFileSystemSynchronizedBuildFileExceptionSet;
			membershipExceptions = (
				Info.plist,
				MirrorMirrorTV.entitlements,
			);
			target = F100000000000000000006 /* MirrorMirrorTV */;
		};
		F200000000000000000002 /* Exceptions for "MirrorMirrorVision" folder in "MirrorMirrorVision" target */ = {
			isa = PBXFileSystemSynchronizedBuildFileExceptionSet;
			membershipExceptions = (
				MirrorMirrorVision.entitlements,
			);
			target = F200000000000000000006 /* MirrorMirrorVision */;
		};
		F30000000000000000000007 /* Exceptions for "MirrorMirrorTopShelf" folder in "MirrorMirrorTopShelf" target */ = {
			isa = PBXFileSystemSynchronizedBuildFileExceptionSet;
			membershipExceptions = (
				Info.plist,
				MirrorMirrorTopShelf.entitlements,
			);
			target = F3000000000000000000000B /* MirrorMirrorTopShelf */;
		};
/* End PBXFileSystemSynchronizedBuildFileExceptionSet section */

/* Begin PBXFileSystemSynchronizedRootGroup section */
		805B950D2D3322570073A444 /* MirrorMirror */ = {
			isa = PBXFileSystemSynchronizedRootGroup;
			exceptions = (
				805B956C2D333EF70073A444 /* Exceptions for "MirrorMirror" folder in "MirrorMirror" target */,
			);
			path = MirrorMirror;
			sourceTree = "<group>";
		};
		805B951E2D3322590073A444 /* MirrorMirrorTests */ = {
			isa = PBXFileSystemSynchronizedRootGroup;
			path = MirrorMirrorTests;
			sourceTree = "<group>";
		};
		805B95282D3322590073A444 /* MirrorMirrorUITests */ = {
			isa = PBXFileSystemSynchronizedRootGroup;
			path = MirrorMirrorUITests;
			sourceTree = "<group>";
		};
		B10000000000000000000006 /* Shared */ = {
			isa = PBXFileSystemSynchronizedRootGroup;
			path = Shared;
			sourceTree = "<group>";
		};
		B10000000000000000000007 /* MirrorMirrorNotifications */ = {
			isa = PBXFileSystemSynchronizedRootGroup;
			exceptions = (
				B10000000000000000000008 /* Exceptions for "MirrorMirrorNotifications" folder in "MirrorMirrorNotifications" target */,
			);
			path = MirrorMirrorNotifications;
			sourceTree = "<group>";
		};
		D10000000000000000000002 /* MirrorMirrorWatch */ = {
			isa = PBXFileSystemSynchronizedRootGroup;
			exceptions = (
				D10000000000000000000003 /* Exceptions for "MirrorMirrorWatch" folder in "MirrorMirrorWatch" target */,
			);
			path = MirrorMirrorWatch;
			sourceTree = "<group>";
		};
		E10000000000000000000001 /* Streaming */ = {
			isa = PBXFileSystemSynchronizedRootGroup;
			path = Streaming;
			sourceTree = "<group>";
		};
		F100000000000000000001 /* MirrorMirrorTV */ = {
			isa = PBXFileSystemSynchronizedRootGroup;
			exceptions = (
				F100000000000000000002 /* Exceptions for "MirrorMirrorTV" folder in "MirrorMirrorTV" target */,
			);
			path = MirrorMirrorTV;
			sourceTree = "<group>";
		};
		F200000000000000000001 /* MirrorMirrorVision */ = {
			isa = PBXFileSystemSynchronizedRootGroup;
			exceptions = (
				F200000000000000000002 /* Exceptions for "MirrorMirrorVision" folder in "MirrorMirrorVision" target */,
			);
			path = MirrorMirrorVision;
			sourceTree = "<group>";
		};
		F30000000000000000000006 /* MirrorMirrorTopShelf */ = {
			isa = PBXFileSystemSynchronizedRootGroup;
			exceptions = (
				F30000000000000000000007 /* Exceptions for "MirrorMirrorTopShelf" folder in "MirrorMirrorTopShelf" target */,
			);
			path = MirrorMirrorTopShelf;
			sourceTree = "<group>";
		};
/* End PBXFileSystemSynchronizedRootGroup section */

/* Begin PBXFrameworksBuildPhase section */
		805B95082D3322570073A444 /* Frameworks */ = {
			isa = PBXFrameworksBuildPhase;
			buildActionMask = 2147483647;
			files = (
				A1B2C3D4E5F60718293A4B03 /* LiveKitWebRTC in Frameworks */,
				C10000000000000000000003 /* MirrorUI in Frameworks */,
			);
			runOnlyForDeploymentPostprocessing = 0;
		};
		805B95182D3322590073A444 /* Frameworks */ = {
			isa = PBXFrameworksBuildPhase;
			buildActionMask = 2147483647;
			files = (
			);
			runOnlyForDeploymentPostprocessing = 0;
		};
		805B95222D3322590073A444 /* Frameworks */ = {
			isa = PBXFrameworksBuildPhase;
			buildActionMask = 2147483647;
			files = (
			);
			runOnlyForDeploymentPostprocessing = 0;
		};
		B1000000000000000000000A /* Frameworks */ = {
			isa = PBXFrameworksBuildPhase;
			buildActionMask = 2147483647;
			files = (
			);
			runOnlyForDeploymentPostprocessing = 0;
		};
		D10000000000000000000005 /* Frameworks */ = {
			isa = PBXFrameworksBuildPhase;
			buildActionMask = 2147483647;
			files = (
				D1000000000000000000000C /* MirrorUI in Frameworks */,
			);
			runOnlyForDeploymentPostprocessing = 0;
		};
		F100000000000000000004 /* Frameworks */ = {
			isa = PBXFrameworksBuildPhase;
			buildActionMask = 2147483647;
			files = (
				F10000000000000000000B /* MirrorUI in Frameworks */,
				F10000000000000000000D /* LiveKitWebRTC in Frameworks */,
			);
			runOnlyForDeploymentPostprocessing = 0;
		};
		F200000000000000000004 /* Frameworks */ = {
			isa = PBXFrameworksBuildPhase;
			buildActionMask = 2147483647;
			files = (
				F20000000000000000000B /* MirrorUI in Frameworks */,
				F20000000000000000000D /* LiveKitWebRTC in Frameworks */,
			);
			runOnlyForDeploymentPostprocessing = 0;
		};
		F30000000000000000000009 /* Frameworks */ = {
			isa = PBXFrameworksBuildPhase;
			buildActionMask = 2147483647;
			files = (
			);
			runOnlyForDeploymentPostprocessing = 0;
		};
/* End PBXFrameworksBuildPhase section */

/* Begin PBXGroup section */
		805B95022D3322570073A444 = {
			isa = PBXGroup;
			children = (
				805B950D2D3322570073A444 /* MirrorMirror */,
				805B951E2D3322590073A444 /* MirrorMirrorTests */,
				805B95282D3322590073A444 /* MirrorMirrorUITests */,
				B10000000000000000000006 /* Shared */,
				E10000000000000000000001 /* Streaming */,
				B10000000000000000000007 /* MirrorMirrorNotifications */,
				D10000000000000000000002 /* MirrorMirrorWatch */,
				F100000000000000000001 /* MirrorMirrorTV */,
				F200000000000000000001 /* MirrorMirrorVision */,
				F30000000000000000000006 /* MirrorMirrorTopShelf */,
				805B950C2D3322570073A444 /* Products */,
			);
			sourceTree = "<group>";
		};
		805B950C2D3322570073A444 /* Products */ = {
			isa = PBXGroup;
			children = (
				805B950B2D3322570073A444 /* MirrorMirror.app */,
				805B951B2D3322590073A444 /* MirrorMirrorTests.xctest */,
				805B95252D3322590073A444 /* MirrorMirrorUITests.xctest */,
				B10000000000000000000001 /* MirrorMirrorNotifications.appex */,
				D10000000000000000000001 /* MirrorMirrorWatch.app */,
				F100000000000000000000 /* MirrorMirrorTV.app */,
				F200000000000000000000 /* MirrorMirrorVision.app */,
				F30000000000000000000001 /* MirrorMirrorTopShelf.appex */,
			);
			name = Products;
			sourceTree = "<group>";
		};
/* End PBXGroup section */

/* Begin PBXNativeTarget section */
		805B950A2D3322570073A444 /* MirrorMirror */ = {
			isa = PBXNativeTarget;
			buildConfigurationList = 805B952F2D3322590073A444 /* Build configuration list for PBXNativeTarget "MirrorMirror" */;
			buildPhases = (
				805B95072D3322570073A444 /* Sources */,
				805B95082D3322570073A444 /* Frameworks */,
				805B95092D3322570073A444 /* Resources */,
				B10000000000000000000003 /* Embed Foundation Extensions */,
				D1000000000000000000000E /* Embed Watch Content */,
			);
			buildRules = (
			);
			dependencies = (
				B10000000000000000000005 /* PBXTargetDependency */,
				D10000000000000000000010 /* PBXTargetDependency */,
			);
			fileSystemSynchronizedGroups = (
				805B950D2D3322570073A444 /* MirrorMirror */,
				B10000000000000000000006 /* Shared */,
				E10000000000000000000001 /* Streaming */,
			);
			name = MirrorMirror;
			packageProductDependencies = (
				A1B2C3D4E5F60718293A4B02 /* LiveKitWebRTC */,
				C10000000000000000000002 /* MirrorUI */,
			);
			productName = MirrorMirror;
			productReference = 805B950B2D3322570073A444 /* MirrorMirror.app */;
			productType = "com.apple.product-type.application";
		};
		805B951A2D3322590073A444 /* MirrorMirrorTests */ = {
			isa = PBXNativeTarget;
			buildConfigurationList = 805B95322D3322590073A444 /* Build configuration list for PBXNativeTarget "MirrorMirrorTests" */;
			buildPhases = (
				805B95172D3322590073A444 /* Sources */,
				805B95182D3322590073A444 /* Frameworks */,
				805B95192D3322590073A444 /* Resources */,
			);
			buildRules = (
			);
			dependencies = (
				805B951D2D3322590073A444 /* PBXTargetDependency */,
			);
			fileSystemSynchronizedGroups = (
				805B951E2D3322590073A444 /* MirrorMirrorTests */,
			);
			name = MirrorMirrorTests;
			packageProductDependencies = (
			);
			productName = MirrorMirrorTests;
			productReference = 805B951B2D3322590073A444 /* MirrorMirrorTests.xctest */;
			productType = "com.apple.product-type.bundle.unit-test";
		};
		805B95242D3322590073A444 /* MirrorMirrorUITests */ = {
			isa = PBXNativeTarget;
			buildConfigurationList = 805B95352D3322590073A444 /* Build configuration list for PBXNativeTarget "MirrorMirrorUITests" */;
			buildPhases = (
				805B95212D3322590073A444 /* Sources */,
				805B95222D3322590073A444 /* Frameworks */,
				805B95232D3322590073A444 /* Resources */,
			);
			buildRules = (
			);
			dependencies = (
				805B95272D3322590073A444 /* PBXTargetDependency */,
			);
			fileSystemSynchronizedGroups = (
				805B95282D3322590073A444 /* MirrorMirrorUITests */,
			);
			name = MirrorMirrorUITests;
			packageProductDependencies = (
			);
			productName = MirrorMirrorUITests;
			productReference = 805B95252D3322590073A444 /* MirrorMirrorUITests.xctest */;
			productType = "com.apple.product-type.bundle.ui-testing";
		};
		B1000000000000000000000C /* MirrorMirrorNotifications */ = {
			isa = PBXNativeTarget;
			buildConfigurationList = B1000000000000000000000F /* Build configuration list for PBXNativeTarget "MirrorMirrorNotifications" */;
			buildPhases = (
				B10000000000000000000009 /* Sources */,
				B1000000000000000000000A /* Frameworks */,
				B1000000000000000000000B /* Resources */,
			);
			buildRules = (
			);
			dependencies = (
			);
			fileSystemSynchronizedGroups = (
				B10000000000000000000007 /* MirrorMirrorNotifications */,
				B10000000000000000000006 /* Shared */,
			);
			name = MirrorMirrorNotifications;
			packageProductDependencies = (
			);
			productName = MirrorMirrorNotifications;
			productReference = B10000000000000000000001 /* MirrorMirrorNotifications.appex */;
			productType = "com.apple.product-type.app-extension";
		};
		D10000000000000000000007 /* MirrorMirrorWatch */ = {
			isa = PBXNativeTarget;
			buildConfigurationList = D1000000000000000000000A /* Build configuration list for PBXNativeTarget "MirrorMirrorWatch" */;
			buildPhases = (
				D10000000000000000000004 /* Sources */,
				D10000000000000000000005 /* Frameworks */,
				D10000000000000000000006 /* Resources */,
			);
			buildRules = (
			);
			dependencies = (
			);
			fileSystemSynchronizedGroups = (
				D10000000000000000000002 /* MirrorMirrorWatch */,
				B10000000000000000000006 /* Shared */,
			);
			name = MirrorMirrorWatch;
			packageProductDependencies = (
				D1000000000000000000000B /* MirrorUI */,
			);
			productName = MirrorMirrorWatch;
			productReference = D10000000000000000000001 /* MirrorMirrorWatch.app */;
			productType = "com.apple.product-type.application";
		};
		F100000000000000000006 /* MirrorMirrorTV */ = {
			isa = PBXNativeTarget;
			buildConfigurationList = F100000000000000000009 /* Build configuration list for PBXNativeTarget "MirrorMirrorTV" */;
			buildPhases = (
				F100000000000000000003 /* Sources */,
				F100000000000000000004 /* Frameworks */,
				F100000000000000000005 /* Resources */,
				F30000000000000000000003 /* Embed Foundation Extensions */,
			);
			buildRules = (
			);
			dependencies = (
				F30000000000000000000005 /* PBXTargetDependency */,
			);
			fileSystemSynchronizedGroups = (
				F100000000000000000001 /* MirrorMirrorTV */,
				B10000000000000000000006 /* Shared */,
				E10000000000000000000001 /* Streaming */,
			);
			name = MirrorMirrorTV;
			packageProductDependencies = (
				F10000000000000000000A /* MirrorUI */,
				F10000000000000000000C /* LiveKitWebRTC */,
			);
			productName = MirrorMirrorTV;
			productReference = F100000000000000000000 /* MirrorMirrorTV.app */;
			productType = "com.apple.product-type.application";
		};
		F200000000000000000006 /* MirrorMirrorVision */ = {
			isa = PBXNativeTarget;
			buildConfigurationList = F200000000000000000009 /* Build configuration list for PBXNativeTarget "MirrorMirrorVision" */;
			buildPhases = (
				F200000000000000000003 /* Sources */,
				F200000000000000000004 /* Frameworks */,
				F200000000000000000005 /* Resources */,
			);
			buildRules = (
			);
			dependencies = (
			);
			fileSystemSynchronizedGroups = (
				F200000000000000000001 /* MirrorMirrorVision */,
				B10000000000000000000006 /* Shared */,
				E10000000000000000000001 /* Streaming */,
			);
			name = MirrorMirrorVision;
			packageProductDependencies = (
				F20000000000000000000A /* MirrorUI */,
				F20000000000000000000C /* LiveKitWebRTC */,
			);
			productName = MirrorMirrorVision;
			productReference = F200000000000000000000 /* MirrorMirrorVision.app */;
			productType = "com.apple.product-type.application";
		};
		F3000000000000000000000B /* MirrorMirrorTopShelf */ = {
			isa = PBXNativeTarget;
			buildConfigurationList = F3000000000000000000000E /* Build configuration list for PBXNativeTarget "MirrorMirrorTopShelf" */;
			buildPhases = (
				F30000000000000000000008 /* Sources */,
				F30000000000000000000009 /* Frameworks */,
				F3000000000000000000000A /* Resources */,
			);
			buildRules = (
			);
			dependencies = (
			);
			fileSystemSynchronizedGroups = (
				F30000000000000000000006 /* MirrorMirrorTopShelf */,
			);
			name = MirrorMirrorTopShelf;
			packageProductDependencies = (
			);
			productName = MirrorMirrorTopShelf;
			productReference = F30000000000000000000001 /* MirrorMirrorTopShelf.appex */;
			productType = "com.apple.product-type.tv-app-extension";
		};
/* End PBXNativeTarget section */

/* Begin PBXProject section */
		805B95032D3322570073A444 /* Project object */ = {
			isa = PBXProject;
			attributes = {
				BuildIndependentTargetsInParallel = 1;
				LastSwiftUpdateCheck = 1620;
				LastUpgradeCheck = 1620;
				TargetAttributes = {
					B1000000000000000000000C = {
						CreatedOnToolsVersion = 26.0;
					};
					805B950A2D3322570073A444 = {
						CreatedOnToolsVersion = 16.2;
					};
					805B951A2D3322590073A444 = {
						CreatedOnToolsVersion = 16.2;
						TestTargetID = 805B950A2D3322570073A444;
					};
					805B95242D3322590073A444 = {
						CreatedOnToolsVersion = 16.2;
						TestTargetID = 805B950A2D3322570073A444;
					};
				};
			};
			buildConfigurationList = 805B95062D3322570073A444 /* Build configuration list for PBXProject "MirrorMirror" */;
			developmentRegion = en;
			hasScannedForEncodings = 0;
			knownRegions = (
				en,
				Base,
			);
			mainGroup = 805B95022D3322570073A444;
			minimizedProjectReferenceProxies = 1;
			packageReferences = (
				A1B2C3D4E5F60718293A4B01 /* XCRemoteSwiftPackageReference "webrtc-xcframework" */,
				C10000000000000000000001 /* XCLocalSwiftPackageReference "Packages/MirrorUI" */,
			);
			preferredProjectObjectVersion = 77;
			productRefGroup = 805B950C2D3322570073A444 /* Products */;
			projectDirPath = "";
			projectRoot = "";
			targets = (
				805B950A2D3322570073A444 /* MirrorMirror */,
				805B951A2D3322590073A444 /* MirrorMirrorTests */,
				805B95242D3322590073A444 /* MirrorMirrorUITests */,
				B1000000000000000000000C /* MirrorMirrorNotifications */,
				D10000000000000000000007 /* MirrorMirrorWatch */,
				F100000000000000000006 /* MirrorMirrorTV */,
				F200000000000000000006 /* MirrorMirrorVision */,
				F3000000000000000000000B /* MirrorMirrorTopShelf */,
			);
		};
/* End PBXProject section */

/* Begin PBXResourcesBuildPhase section */
		805B95092D3322570073A444 /* Resources */ = {
			isa = PBXResourcesBuildPhase;
			buildActionMask = 2147483647;
			files = (
			);
			runOnlyForDeploymentPostprocessing = 0;
		};
		805B95192D3322590073A444 /* Resources */ = {
			isa = PBXResourcesBuildPhase;
			buildActionMask = 2147483647;
			files = (
			);
			runOnlyForDeploymentPostprocessing = 0;
		};
		805B95232D3322590073A444 /* Resources */ = {
			isa = PBXResourcesBuildPhase;
			buildActionMask = 2147483647;
			files = (
			);
			runOnlyForDeploymentPostprocessing = 0;
		};
		B1000000000000000000000B /* Resources */ = {
			isa = PBXResourcesBuildPhase;
			buildActionMask = 2147483647;
			files = (
			);
			runOnlyForDeploymentPostprocessing = 0;
		};
		D10000000000000000000006 /* Resources */ = {
			isa = PBXResourcesBuildPhase;
			buildActionMask = 2147483647;
			files = (
			);
			runOnlyForDeploymentPostprocessing = 0;
		};
		F100000000000000000005 /* Resources */ = {
			isa = PBXResourcesBuildPhase;
			buildActionMask = 2147483647;
			files = (
			);
			runOnlyForDeploymentPostprocessing = 0;
		};
		F200000000000000000005 /* Resources */ = {
			isa = PBXResourcesBuildPhase;
			buildActionMask = 2147483647;
			files = (
			);
			runOnlyForDeploymentPostprocessing = 0;
		};
		F3000000000000000000000A /* Resources */ = {
			isa = PBXResourcesBuildPhase;
			buildActionMask = 2147483647;
			files = (
			);
			runOnlyForDeploymentPostprocessing = 0;
		};
/* End PBXResourcesBuildPhase section */

/* Begin PBXSourcesBuildPhase section */
		805B95072D3322570073A444 /* Sources */ = {
			isa = PBXSourcesBuildPhase;
			buildActionMask = 2147483647;
			files = (
			);
			runOnlyForDeploymentPostprocessing = 0;
		};
		805B95172D3322590073A444 /* Sources */ = {
			isa = PBXSourcesBuildPhase;
			buildActionMask = 2147483647;
			files = (
			);
			runOnlyForDeploymentPostprocessing = 0;
		};
		805B95212D3322590073A444 /* Sources */ = {
			isa = PBXSourcesBuildPhase;
			buildActionMask = 2147483647;
			files = (
			);
			runOnlyForDeploymentPostprocessing = 0;
		};
		B10000000000000000000009 /* Sources */ = {
			isa = PBXSourcesBuildPhase;
			buildActionMask = 2147483647;
			files = (
			);
			runOnlyForDeploymentPostprocessing = 0;
		};
		D10000000000000000000004 /* Sources */ = {
			isa = PBXSourcesBuildPhase;
			buildActionMask = 2147483647;
			files = (
			);
			runOnlyForDeploymentPostprocessing = 0;
		};
		F100000000000000000003 /* Sources */ = {
			isa = PBXSourcesBuildPhase;
			buildActionMask = 2147483647;
			files = (
			);
			runOnlyForDeploymentPostprocessing = 0;
		};
		F200000000000000000003 /* Sources */ = {
			isa = PBXSourcesBuildPhase;
			buildActionMask = 2147483647;
			files = (
			);
			runOnlyForDeploymentPostprocessing = 0;
		};
		F30000000000000000000008 /* Sources */ = {
			isa = PBXSourcesBuildPhase;
			buildActionMask = 2147483647;
			files = (
			);
			runOnlyForDeploymentPostprocessing = 0;
		};
/* End PBXSourcesBuildPhase section */

/* Begin PBXTargetDependency section */
		805B951D2D3322590073A444 /* PBXTargetDependency */ = {
			isa = PBXTargetDependency;
			target = 805B950A2D3322570073A444 /* MirrorMirror */;
			targetProxy = 805B951C2D3322590073A444 /* PBXContainerItemProxy */;
		};
		805B95272D3322590073A444 /* PBXTargetDependency */ = {
			isa = PBXTargetDependency;
			target = 805B950A2D3322570073A444 /* MirrorMirror */;
			targetProxy = 805B95262D3322590073A444 /* PBXContainerItemProxy */;
		};
		B10000000000000000000005 /* PBXTargetDependency */ = {
			isa = PBXTargetDependency;
			target = B1000000000000000000000C /* MirrorMirrorNotifications */;
			targetProxy = B10000000000000000000004 /* PBXContainerItemProxy */;
		};
		D10000000000000000000010 /* PBXTargetDependency */ = {
			isa = PBXTargetDependency;
			platformFilters = (
				ios,
			);
			target = D10000000000000000000007 /* MirrorMirrorWatch */;
			targetProxy = D1000000000000000000000F /* PBXContainerItemProxy */;
		};
		F30000000000000000000005 /* PBXTargetDependency */ = {
			isa = PBXTargetDependency;
			target = F3000000000000000000000B /* MirrorMirrorTopShelf */;
			targetProxy = F30000000000000000000004 /* PBXContainerItemProxy */;
		};
/* End PBXTargetDependency section */

/* Begin XCBuildConfiguration section */
		805B952D2D3322590073A444 /* Debug */ = {
			isa = XCBuildConfiguration;
			buildSettings = {
				ALWAYS_SEARCH_USER_PATHS = NO;
				ASSETCATALOG_COMPILER_GENERATE_SWIFT_ASSET_SYMBOL_EXTENSIONS = YES;
				CLANG_ANALYZER_NONNULL = YES;
				CLANG_ANALYZER_NUMBER_OBJECT_CONVERSION = YES_AGGRESSIVE;
				CLANG_CXX_LANGUAGE_STANDARD = "gnu++20";
				CLANG_ENABLE_MODULES = YES;
				CLANG_ENABLE_OBJC_ARC = YES;
				CLANG_ENABLE_OBJC_WEAK = YES;
				CLANG_WARN_BLOCK_CAPTURE_AUTORELEASING = YES;
				CLANG_WARN_BOOL_CONVERSION = YES;
				CLANG_WARN_COMMA = YES;
				CLANG_WARN_CONSTANT_CONVERSION = YES;
				CLANG_WARN_DEPRECATED_OBJC_IMPLEMENTATIONS = YES;
				CLANG_WARN_DIRECT_OBJC_ISA_USAGE = YES_ERROR;
				CLANG_WARN_DOCUMENTATION_COMMENTS = YES;
				CLANG_WARN_EMPTY_BODY = YES;
				CLANG_WARN_ENUM_CONVERSION = YES;
				CLANG_WARN_INFINITE_RECURSION = YES;
				CLANG_WARN_INT_CONVERSION = YES;
				CLANG_WARN_NON_LITERAL_NULL_CONVERSION = YES;
				CLANG_WARN_OBJC_IMPLICIT_RETAIN_SELF = YES;
				CLANG_WARN_OBJC_LITERAL_CONVERSION = YES;
				CLANG_WARN_OBJC_ROOT_CLASS = YES_ERROR;
				CLANG_WARN_QUOTED_INCLUDE_IN_FRAMEWORK_HEADER = YES;
				CLANG_WARN_RANGE_LOOP_ANALYSIS = YES;
				CLANG_WARN_STRICT_PROTOTYPES = YES;
				CLANG_WARN_SUSPICIOUS_MOVE = YES;
				CLANG_WARN_UNGUARDED_AVAILABILITY = YES_AGGRESSIVE;
				CLANG_WARN_UNREACHABLE_CODE = YES;
				CLANG_WARN__DUPLICATE_METHOD_MATCH = YES;
				COPY_PHASE_STRIP = NO;
				DEBUG_INFORMATION_FORMAT = dwarf;
				ENABLE_STRICT_OBJC_MSGSEND = YES;
				ENABLE_TESTABILITY = YES;
				ENABLE_USER_SCRIPT_SANDBOXING = YES;
				GCC_C_LANGUAGE_STANDARD = gnu17;
				GCC_DYNAMIC_NO_PIC = NO;
				GCC_NO_COMMON_BLOCKS = YES;
				GCC_OPTIMIZATION_LEVEL = 0;
				GCC_PREPROCESSOR_DEFINITIONS = (
					"DEBUG=1",
					"$(inherited)",
				);
				GCC_WARN_64_TO_32_BIT_CONVERSION = YES;
				GCC_WARN_ABOUT_RETURN_TYPE = YES_ERROR;
				GCC_WARN_UNDECLARED_SELECTOR = YES;
				GCC_WARN_UNINITIALIZED_AUTOS = YES_AGGRESSIVE;
				GCC_WARN_UNUSED_FUNCTION = YES;
				GCC_WARN_UNUSED_VARIABLE = YES;
				IPHONEOS_DEPLOYMENT_TARGET = 18.2;
				LOCALIZATION_PREFERS_STRING_CATALOGS = YES;
				MTL_ENABLE_DEBUG_INFO = INCLUDE_SOURCE;
				MTL_FAST_MATH = YES;
				NEW_SETTING = "";
				ONLY_ACTIVE_ARCH = YES;
				SDKROOT = iphoneos;
				SWIFT_ACTIVE_COMPILATION_CONDITIONS = "DEBUG $(inherited)";
				SWIFT_OPTIMIZATION_LEVEL = "-Onone";
			};
			name = Debug;
		};
		805B952E2D3322590073A444 /* Release */ = {
			isa = XCBuildConfiguration;
			buildSettings = {
				ALWAYS_SEARCH_USER_PATHS = NO;
				ASSETCATALOG_COMPILER_GENERATE_SWIFT_ASSET_SYMBOL_EXTENSIONS = YES;
				CLANG_ANALYZER_NONNULL = YES;
				CLANG_ANALYZER_NUMBER_OBJECT_CONVERSION = YES_AGGRESSIVE;
				CLANG_CXX_LANGUAGE_STANDARD = "gnu++20";
				CLANG_ENABLE_MODULES = YES;
				CLANG_ENABLE_OBJC_ARC = YES;
				CLANG_ENABLE_OBJC_WEAK = YES;
				CLANG_WARN_BLOCK_CAPTURE_AUTORELEASING = YES;
				CLANG_WARN_BOOL_CONVERSION = YES;
				CLANG_WARN_COMMA = YES;
				CLANG_WARN_CONSTANT_CONVERSION = YES;
				CLANG_WARN_DEPRECATED_OBJC_IMPLEMENTATIONS = YES;
				CLANG_WARN_DIRECT_OBJC_ISA_USAGE = YES_ERROR;
				CLANG_WARN_DOCUMENTATION_COMMENTS = YES;
				CLANG_WARN_EMPTY_BODY = YES;
				CLANG_WARN_ENUM_CONVERSION = YES;
				CLANG_WARN_INFINITE_RECURSION = YES;
				CLANG_WARN_INT_CONVERSION = YES;
				CLANG_WARN_NON_LITERAL_NULL_CONVERSION = YES;
				CLANG_WARN_OBJC_IMPLICIT_RETAIN_SELF = YES;
				CLANG_WARN_OBJC_LITERAL_CONVERSION = YES;
				CLANG_WARN_OBJC_ROOT_CLASS = YES_ERROR;
				CLANG_WARN_QUOTED_INCLUDE_IN_FRAMEWORK_HEADER = YES;
				CLANG_WARN_RANGE_LOOP_ANALYSIS = YES;
				CLANG_WARN_STRICT_PROTOTYPES = YES;
				CLANG_WARN_SUSPICIOUS_MOVE = YES;
				CLANG_WARN_UNGUARDED_AVAILABILITY = YES_AGGRESSIVE;
				CLANG_WARN_UNREACHABLE_CODE = YES;
				CLANG_WARN__DUPLICATE_METHOD_MATCH = YES;
				COPY_PHASE_STRIP = NO;
				DEBUG_INFORMATION_FORMAT = "dwarf-with-dsym";
				ENABLE_NS_ASSERTIONS = NO;
				ENABLE_STRICT_OBJC_MSGSEND = YES;
				ENABLE_USER_SCRIPT_SANDBOXING = YES;
				GCC_C_LANGUAGE_STANDARD = gnu17;
				GCC_NO_COMMON_BLOCKS = YES;
				GCC_WARN_64_TO_32_BIT_CONVERSION = YES;
				GCC_WARN_ABOUT_RETURN_TYPE = YES_ERROR;
				GCC_WARN_UNDECLARED_SELECTOR = YES;
				GCC_WARN_UNINITIALIZED_AUTOS = YES_AGGRESSIVE;
				GCC_WARN_UNUSED_FUNCTION = YES;
				GCC_WARN_UNUSED_VARIABLE = YES;
				IPHONEOS_DEPLOYMENT_TARGET = 18.2;
				LOCALIZATION_PREFERS_STRING_CATALOGS = YES;
				MTL_ENABLE_DEBUG_INFO = NO;
				MTL_FAST_MATH = YES;
				NEW_SETTING = "";
				SDKROOT = iphoneos;
				SWIFT_COMPILATION_MODE = wholemodule;
				VALIDATE_PRODUCT = YES;
			};
			name = Release;
		};
		805B95302D3322590073A444 /* Debug */ = {
			isa = XCBuildConfiguration;
			buildSettings = {
				ASSETCATALOG_COMPILER_APPICON_NAME = AppIcon;
				ASSETCATALOG_COMPILER_GLOBAL_ACCENT_COLOR_NAME = AccentColor;
				ASSETCATALOG_COMPILER_INCLUDE_ALL_APPICON_ASSETS = NO;
				CODE_SIGN_ENTITLEMENTS = MirrorMirror.entitlements;
				CODE_SIGN_STYLE = Automatic;
				CURRENT_PROJECT_VERSION = 1;
				DEVELOPMENT_ASSET_PATHS = "\"MirrorMirror/Preview Content\"";
				DEVELOPMENT_TEAM = 3YPL755X3M;
				ENABLE_PREVIEWS = YES;
				GENERATE_INFOPLIST_FILE = YES;
				INFOPLIST_FILE = MirrorMirror/Info.plist;
								INFOPLIST_KEY_NSCameraUsageDescription = "MirrorMirror uses the camera to stream video to your paired devices and to scan pairing QR codes.";
				INFOPLIST_KEY_NSLocalNetworkUsageDescription = "MirrorMirror connects directly to your other devices on this network for the fastest, private stream.";
				INFOPLIST_KEY_NSMicrophoneUsageDescription = "MirrorMirror streams audio, lets you talk back, and listens for sounds like crying or barking on the camera device.";
				INFOPLIST_KEY_NSPhotoLibraryAddUsageDescription = "MirrorMirror saves snapshots and exported clips to your photo library.";
				INFOPLIST_KEY_NSPhotoLibraryUsageDescription = "MirrorMirror needs access to save captured photos to your library.";
				INFOPLIST_KEY_UIApplicationSupportsIndirectInputEvents = YES;
				INFOPLIST_KEY_UILaunchScreen_Generation = YES;
				INFOPLIST_KEY_UIRequiredDeviceCapabilities = arm64;
				INFOPLIST_KEY_UISupportedInterfaceOrientations_iPad = "UIInterfaceOrientationPortrait UIInterfaceOrientationPortraitUpsideDown UIInterfaceOrientationLandscapeLeft UIInterfaceOrientationLandscapeRight";
				INFOPLIST_KEY_UISupportedInterfaceOrientations_iPhone = "UIInterfaceOrientationPortrait UIInterfaceOrientationLandscapeLeft UIInterfaceOrientationLandscapeRight";
				IPHONEOS_DEPLOYMENT_TARGET = 18.0;
				LD_RUNPATH_SEARCH_PATHS = (
					"$(inherited)",
					"@executable_path/Frameworks",
				);
				MARKETING_VERSION = 1.0;
				PRODUCT_BUNDLE_IDENTIFIER = com.sriramph.mirrormirror;
				PRODUCT_NAME = "$(TARGET_NAME)";
				SWIFT_EMIT_LOC_STRINGS = YES;
				SWIFT_VERSION = 5.0;
				TARGETED_DEVICE_FAMILY = "1,2,6";
				SUPPORTS_MACCATALYST = YES;
				DERIVE_MACCATALYST_PRODUCT_BUNDLE_IDENTIFIER = YES;
				SUPPORTS_MAC_DESIGNED_FOR_IPHONE_IPAD = NO;
				INFOPLIST_KEY_LSApplicationCategoryType = "public.app-category.utilities";
			};
			name = Debug;
		};
		805B95312D3322590073A444 /* Release */ = {
			isa = XCBuildConfiguration;
			buildSettings = {
				ASSETCATALOG_COMPILER_APPICON_NAME = AppIcon;
				ASSETCATALOG_COMPILER_GLOBAL_ACCENT_COLOR_NAME = AccentColor;
				ASSETCATALOG_COMPILER_INCLUDE_ALL_APPICON_ASSETS = NO;
				CODE_SIGN_ENTITLEMENTS = MirrorMirror.entitlements;
				CODE_SIGN_STYLE = Automatic;
				CURRENT_PROJECT_VERSION = 1;
				DEVELOPMENT_ASSET_PATHS = "\"MirrorMirror/Preview Content\"";
				DEVELOPMENT_TEAM = 3YPL755X3M;
				ENABLE_PREVIEWS = YES;
				GENERATE_INFOPLIST_FILE = YES;
				INFOPLIST_FILE = MirrorMirror/Info.plist;
								INFOPLIST_KEY_NSCameraUsageDescription = "MirrorMirror uses the camera to stream video to your paired devices and to scan pairing QR codes.";
				INFOPLIST_KEY_NSLocalNetworkUsageDescription = "MirrorMirror connects directly to your other devices on this network for the fastest, private stream.";
				INFOPLIST_KEY_NSMicrophoneUsageDescription = "MirrorMirror streams audio, lets you talk back, and listens for sounds like crying or barking on the camera device.";
				INFOPLIST_KEY_NSPhotoLibraryAddUsageDescription = "MirrorMirror saves snapshots and exported clips to your photo library.";
				INFOPLIST_KEY_NSPhotoLibraryUsageDescription = "MirrorMirror needs access to save captured photos to your library.";
				INFOPLIST_KEY_UIApplicationSupportsIndirectInputEvents = YES;
				INFOPLIST_KEY_UILaunchScreen_Generation = YES;
				INFOPLIST_KEY_UIRequiredDeviceCapabilities = arm64;
				INFOPLIST_KEY_UISupportedInterfaceOrientations_iPad = "UIInterfaceOrientationPortrait UIInterfaceOrientationPortraitUpsideDown UIInterfaceOrientationLandscapeLeft UIInterfaceOrientationLandscapeRight";
				INFOPLIST_KEY_UISupportedInterfaceOrientations_iPhone = "UIInterfaceOrientationPortrait UIInterfaceOrientationLandscapeLeft UIInterfaceOrientationLandscapeRight";
				IPHONEOS_DEPLOYMENT_TARGET = 18.0;
				LD_RUNPATH_SEARCH_PATHS = (
					"$(inherited)",
					"@executable_path/Frameworks",
				);
				MARKETING_VERSION = 1.0;
				PRODUCT_BUNDLE_IDENTIFIER = com.sriramph.mirrormirror;
				PRODUCT_NAME = "$(TARGET_NAME)";
				SWIFT_EMIT_LOC_STRINGS = YES;
				SWIFT_VERSION = 5.0;
				TARGETED_DEVICE_FAMILY = "1,2,6";
				SUPPORTS_MACCATALYST = YES;
				DERIVE_MACCATALYST_PRODUCT_BUNDLE_IDENTIFIER = YES;
				SUPPORTS_MAC_DESIGNED_FOR_IPHONE_IPAD = NO;
				INFOPLIST_KEY_LSApplicationCategoryType = "public.app-category.utilities";
			};
			name = Release;
		};
		805B95332D3322590073A444 /* Debug */ = {
			isa = XCBuildConfiguration;
			buildSettings = {
				BUNDLE_LOADER = "$(TEST_HOST)";
				CODE_SIGN_STYLE = Automatic;
				CURRENT_PROJECT_VERSION = 1;
				DEVELOPMENT_TEAM = 3YPL755X3M;
				GENERATE_INFOPLIST_FILE = YES;
				IPHONEOS_DEPLOYMENT_TARGET = 18.2;
				MARKETING_VERSION = 1.0;
				PRODUCT_BUNDLE_IDENTIFIER = com.sriramph.mirrormirror.tests;
				PRODUCT_NAME = "$(TARGET_NAME)";
				SWIFT_EMIT_LOC_STRINGS = NO;
				SWIFT_VERSION = 5.0;
				TARGETED_DEVICE_FAMILY = "1,2";
				TEST_HOST = "$(BUILT_PRODUCTS_DIR)/MirrorMirror.app/$(BUNDLE_EXECUTABLE_FOLDER_PATH)/MirrorMirror";
			};
			name = Debug;
		};
		805B95342D3322590073A444 /* Release */ = {
			isa = XCBuildConfiguration;
			buildSettings = {
				BUNDLE_LOADER = "$(TEST_HOST)";
				CODE_SIGN_STYLE = Automatic;
				CURRENT_PROJECT_VERSION = 1;
				DEVELOPMENT_TEAM = 3YPL755X3M;
				GENERATE_INFOPLIST_FILE = YES;
				IPHONEOS_DEPLOYMENT_TARGET = 18.2;
				MARKETING_VERSION = 1.0;
				PRODUCT_BUNDLE_IDENTIFIER = com.sriramph.mirrormirror.tests;
				PRODUCT_NAME = "$(TARGET_NAME)";
				SWIFT_EMIT_LOC_STRINGS = NO;
				SWIFT_VERSION = 5.0;
				TARGETED_DEVICE_FAMILY = "1,2";
				TEST_HOST = "$(BUILT_PRODUCTS_DIR)/MirrorMirror.app/$(BUNDLE_EXECUTABLE_FOLDER_PATH)/MirrorMirror";
			};
			name = Release;
		};
		805B95362D3322590073A444 /* Debug */ = {
			isa = XCBuildConfiguration;
			buildSettings = {
				CODE_SIGN_STYLE = Automatic;
				CURRENT_PROJECT_VERSION = 1;
				DEVELOPMENT_TEAM = 3YPL755X3M;
				GENERATE_INFOPLIST_FILE = YES;
				MARKETING_VERSION = 1.0;
				PRODUCT_BUNDLE_IDENTIFIER = com.sriramph.mirrormirror.uitests;
				PRODUCT_NAME = "$(TARGET_NAME)";
				SWIFT_EMIT_LOC_STRINGS = NO;
				SWIFT_VERSION = 5.0;
				TARGETED_DEVICE_FAMILY = "1,2";
				TEST_TARGET_NAME = MirrorMirror;
			};
			name = Debug;
		};
		805B95372D3322590073A444 /* Release */ = {
			isa = XCBuildConfiguration;
			buildSettings = {
				CODE_SIGN_STYLE = Automatic;
				CURRENT_PROJECT_VERSION = 1;
				DEVELOPMENT_TEAM = 3YPL755X3M;
				GENERATE_INFOPLIST_FILE = YES;
				MARKETING_VERSION = 1.0;
				PRODUCT_BUNDLE_IDENTIFIER = com.sriramph.mirrormirror.uitests;
				PRODUCT_NAME = "$(TARGET_NAME)";
				SWIFT_EMIT_LOC_STRINGS = NO;
				SWIFT_VERSION = 5.0;
				TARGETED_DEVICE_FAMILY = "1,2";
				TEST_TARGET_NAME = MirrorMirror;
			};
			name = Release;
		};
		B1000000000000000000000D /* Debug */ = {
			isa = XCBuildConfiguration;
			buildSettings = {
				APPLICATION_EXTENSION_API_ONLY = YES;
				CODE_SIGN_ENTITLEMENTS = MirrorMirrorNotifications/MirrorMirrorNotifications.entitlements;
				CODE_SIGN_STYLE = Automatic;
				CURRENT_PROJECT_VERSION = 1;
				DEVELOPMENT_TEAM = 3YPL755X3M;
				GENERATE_INFOPLIST_FILE = YES;
				INFOPLIST_FILE = MirrorMirrorNotifications/Info.plist;
				INFOPLIST_KEY_CFBundleDisplayName = "MirrorMirror Alerts";
				IPHONEOS_DEPLOYMENT_TARGET = 18.0;
				LD_RUNPATH_SEARCH_PATHS = (
					"$(inherited)",
					"@executable_path/Frameworks",
					"@executable_path/../../Frameworks",
				);
				MARKETING_VERSION = 1.0;
				PRODUCT_BUNDLE_IDENTIFIER = com.sriramph.mirrormirror.notifications;
				SUPPORTS_MACCATALYST = YES;
				DERIVE_MACCATALYST_PRODUCT_BUNDLE_IDENTIFIER = YES;
				PRODUCT_NAME = "$(TARGET_NAME)";
				SKIP_INSTALL = YES;
				SWIFT_EMIT_LOC_STRINGS = YES;
				SWIFT_VERSION = 5.0;
				TARGETED_DEVICE_FAMILY = "1,2";
			};
			name = Debug;
		};
		B1000000000000000000000E /* Release */ = {
			isa = XCBuildConfiguration;
			buildSettings = {
				APPLICATION_EXTENSION_API_ONLY = YES;
				CODE_SIGN_ENTITLEMENTS = MirrorMirrorNotifications/MirrorMirrorNotifications.entitlements;
				CODE_SIGN_STYLE = Automatic;
				CURRENT_PROJECT_VERSION = 1;
				DEVELOPMENT_TEAM = 3YPL755X3M;
				GENERATE_INFOPLIST_FILE = YES;
				INFOPLIST_FILE = MirrorMirrorNotifications/Info.plist;
				INFOPLIST_KEY_CFBundleDisplayName = "MirrorMirror Alerts";
				IPHONEOS_DEPLOYMENT_TARGET = 18.0;
				LD_RUNPATH_SEARCH_PATHS = (
					"$(inherited)",
					"@executable_path/Frameworks",
					"@executable_path/../../Frameworks",
				);
				MARKETING_VERSION = 1.0;
				PRODUCT_BUNDLE_IDENTIFIER = com.sriramph.mirrormirror.notifications;
				SUPPORTS_MACCATALYST = YES;
				DERIVE_MACCATALYST_PRODUCT_BUNDLE_IDENTIFIER = YES;
				PRODUCT_NAME = "$(TARGET_NAME)";
				SKIP_INSTALL = YES;
				SWIFT_EMIT_LOC_STRINGS = YES;
				SWIFT_VERSION = 5.0;
				TARGETED_DEVICE_FAMILY = "1,2";
			};
			name = Release;
		};
		D10000000000000000000008 /* Debug */ = {
			isa = XCBuildConfiguration;
			buildSettings = {
				ASSETCATALOG_COMPILER_APPICON_NAME = AppIcon;
				CODE_SIGN_ENTITLEMENTS = MirrorMirrorWatch/MirrorMirrorWatch.entitlements;
				CODE_SIGN_STYLE = Automatic;
				CURRENT_PROJECT_VERSION = 1;
				DEVELOPMENT_TEAM = 3YPL755X3M;
				ENABLE_PREVIEWS = YES;
				GENERATE_INFOPLIST_FILE = YES;
				INFOPLIST_KEY_CFBundleDisplayName = MirrorMirror;
				INFOPLIST_KEY_NSMicrophoneUsageDescription = "Hold to talk through your camera from your wrist.";
				INFOPLIST_KEY_UISupportedInterfaceOrientations = "UIInterfaceOrientationPortrait UIInterfaceOrientationPortraitUpsideDown";
				INFOPLIST_KEY_WKApplication = YES;
				INFOPLIST_KEY_WKCompanionAppBundleIdentifier = com.sriramph.mirrormirror;
				LD_RUNPATH_SEARCH_PATHS = (
					"$(inherited)",
					"@executable_path/Frameworks",
				);
				MARKETING_VERSION = 1.0;
				PRODUCT_BUNDLE_IDENTIFIER = com.sriramph.mirrormirror.watchkitapp;
				PRODUCT_NAME = "$(TARGET_NAME)";
				SDKROOT = watchos;
				SKIP_INSTALL = YES;
				SWIFT_EMIT_LOC_STRINGS = YES;
				SWIFT_VERSION = 5.0;
				TARGETED_DEVICE_FAMILY = 4;
				WATCHOS_DEPLOYMENT_TARGET = 11.0;
			};
			name = Debug;
		};
		D10000000000000000000009 /* Release */ = {
			isa = XCBuildConfiguration;
			buildSettings = {
				ASSETCATALOG_COMPILER_APPICON_NAME = AppIcon;
				CODE_SIGN_ENTITLEMENTS = MirrorMirrorWatch/MirrorMirrorWatch.entitlements;
				CODE_SIGN_STYLE = Automatic;
				CURRENT_PROJECT_VERSION = 1;
				DEVELOPMENT_TEAM = 3YPL755X3M;
				ENABLE_PREVIEWS = YES;
				GENERATE_INFOPLIST_FILE = YES;
				INFOPLIST_KEY_CFBundleDisplayName = MirrorMirror;
				INFOPLIST_KEY_NSMicrophoneUsageDescription = "Hold to talk through your camera from your wrist.";
				INFOPLIST_KEY_UISupportedInterfaceOrientations = "UIInterfaceOrientationPortrait UIInterfaceOrientationPortraitUpsideDown";
				INFOPLIST_KEY_WKApplication = YES;
				INFOPLIST_KEY_WKCompanionAppBundleIdentifier = com.sriramph.mirrormirror;
				LD_RUNPATH_SEARCH_PATHS = (
					"$(inherited)",
					"@executable_path/Frameworks",
				);
				MARKETING_VERSION = 1.0;
				PRODUCT_BUNDLE_IDENTIFIER = com.sriramph.mirrormirror.watchkitapp;
				PRODUCT_NAME = "$(TARGET_NAME)";
				SDKROOT = watchos;
				SKIP_INSTALL = YES;
				SWIFT_EMIT_LOC_STRINGS = YES;
				SWIFT_VERSION = 5.0;
				TARGETED_DEVICE_FAMILY = 4;
				WATCHOS_DEPLOYMENT_TARGET = 11.0;
			};
			name = Release;
		};
		F100000000000000000007 /* Debug */ = {
			isa = XCBuildConfiguration;
			buildSettings = {
				ASSETCATALOG_COMPILER_APPICON_NAME = AppIcon;
				CODE_SIGN_ENTITLEMENTS = MirrorMirrorTV/MirrorMirrorTV.entitlements;
				CODE_SIGN_STYLE = Automatic;
				CURRENT_PROJECT_VERSION = 1;
				DEVELOPMENT_TEAM = 3YPL755X3M;
				ENABLE_PREVIEWS = YES;
				GENERATE_INFOPLIST_FILE = YES;
				INFOPLIST_FILE = MirrorMirrorTV/Info.plist;
				INFOPLIST_KEY_CFBundleDisplayName = MirrorMirror;
				INFOPLIST_KEY_NSLocalNetworkUsageDescription = "MirrorMirror connects directly to your cameras on this network.";
				INFOPLIST_KEY_NSMicrophoneUsageDescription = "Talk through your camera.";
				INFOPLIST_KEY_NSPhotoLibraryAddUsageDescription = "MirrorMirror saves snapshots and exported clips to your photo library.";
				INFOPLIST_KEY_UIApplicationSceneManifest_Generation = YES;
				INFOPLIST_KEY_UILaunchScreen_Generation = YES;
				LD_RUNPATH_SEARCH_PATHS = (
					"$(inherited)",
					"@executable_path/Frameworks",
				);
				MARKETING_VERSION = 1.0;
				PRODUCT_BUNDLE_IDENTIFIER = com.sriramph.mirrormirror.tv;
				PRODUCT_NAME = "$(TARGET_NAME)";
				SDKROOT = appletvos;
				SWIFT_EMIT_LOC_STRINGS = YES;
				SWIFT_VERSION = 5.0;
				TARGETED_DEVICE_FAMILY = 3;
				TVOS_DEPLOYMENT_TARGET = 18.0;
			};
			name = Debug;
		};
		F100000000000000000008 /* Release */ = {
			isa = XCBuildConfiguration;
			buildSettings = {
				ASSETCATALOG_COMPILER_APPICON_NAME = AppIcon;
				CODE_SIGN_ENTITLEMENTS = MirrorMirrorTV/MirrorMirrorTV.entitlements;
				CODE_SIGN_STYLE = Automatic;
				CURRENT_PROJECT_VERSION = 1;
				DEVELOPMENT_TEAM = 3YPL755X3M;
				ENABLE_PREVIEWS = YES;
				GENERATE_INFOPLIST_FILE = YES;
				INFOPLIST_FILE = MirrorMirrorTV/Info.plist;
				INFOPLIST_KEY_CFBundleDisplayName = MirrorMirror;
				INFOPLIST_KEY_NSLocalNetworkUsageDescription = "MirrorMirror connects directly to your cameras on this network.";
				INFOPLIST_KEY_NSMicrophoneUsageDescription = "Talk through your camera.";
				INFOPLIST_KEY_NSPhotoLibraryAddUsageDescription = "MirrorMirror saves snapshots and exported clips to your photo library.";
				INFOPLIST_KEY_UIApplicationSceneManifest_Generation = YES;
				INFOPLIST_KEY_UILaunchScreen_Generation = YES;
				LD_RUNPATH_SEARCH_PATHS = (
					"$(inherited)",
					"@executable_path/Frameworks",
				);
				MARKETING_VERSION = 1.0;
				PRODUCT_BUNDLE_IDENTIFIER = com.sriramph.mirrormirror.tv;
				PRODUCT_NAME = "$(TARGET_NAME)";
				SDKROOT = appletvos;
				SWIFT_EMIT_LOC_STRINGS = YES;
				SWIFT_VERSION = 5.0;
				TARGETED_DEVICE_FAMILY = 3;
				TVOS_DEPLOYMENT_TARGET = 18.0;
			};
			name = Release;
		};
		F200000000000000000007 /* Debug */ = {
			isa = XCBuildConfiguration;
			buildSettings = {
				ASSETCATALOG_COMPILER_APPICON_NAME = AppIcon;
				CODE_SIGN_ENTITLEMENTS = MirrorMirrorVision/MirrorMirrorVision.entitlements;
				CODE_SIGN_STYLE = Automatic;
				CURRENT_PROJECT_VERSION = 1;
				DEVELOPMENT_TEAM = 3YPL755X3M;
				ENABLE_PREVIEWS = YES;
				GENERATE_INFOPLIST_FILE = YES;
				INFOPLIST_FILE = Config/MirrorMirrorVision-Info.plist;
				INFOPLIST_KEY_CFBundleDisplayName = MirrorMirror;
				INFOPLIST_KEY_NSLocalNetworkUsageDescription = "MirrorMirror connects directly to your cameras on this network.";
				INFOPLIST_KEY_NSMicrophoneUsageDescription = "Talk through your camera.";
				INFOPLIST_KEY_NSPhotoLibraryAddUsageDescription = "MirrorMirror saves snapshots and exported clips to your photo library.";
				INFOPLIST_KEY_UIApplicationSceneManifest_Generation = YES;
				INFOPLIST_KEY_UILaunchScreen_Generation = YES;
				INFOPLIST_KEY_UIApplicationPreferredDefaultSceneSessionRole = UIWindowSceneSessionRoleApplication;
				SUPPORTED_PLATFORMS = "xros xrsimulator";
				LD_RUNPATH_SEARCH_PATHS = (
					"$(inherited)",
					"@executable_path/Frameworks",
				);
				MARKETING_VERSION = 1.0;
				PRODUCT_BUNDLE_IDENTIFIER = com.sriramph.mirrormirror.vision;
				PRODUCT_NAME = "$(TARGET_NAME)";
				SDKROOT = xros;
				SWIFT_EMIT_LOC_STRINGS = YES;
				SWIFT_VERSION = 5.0;
				TARGETED_DEVICE_FAMILY = 7;
				XROS_DEPLOYMENT_TARGET = 2.0;
			};
			name = Debug;
		};
		F200000000000000000008 /* Release */ = {
			isa = XCBuildConfiguration;
			buildSettings = {
				ASSETCATALOG_COMPILER_APPICON_NAME = AppIcon;
				CODE_SIGN_ENTITLEMENTS = MirrorMirrorVision/MirrorMirrorVision.entitlements;
				CODE_SIGN_STYLE = Automatic;
				CURRENT_PROJECT_VERSION = 1;
				DEVELOPMENT_TEAM = 3YPL755X3M;
				ENABLE_PREVIEWS = YES;
				GENERATE_INFOPLIST_FILE = YES;
				INFOPLIST_FILE = Config/MirrorMirrorVision-Info.plist;
				INFOPLIST_KEY_CFBundleDisplayName = MirrorMirror;
				INFOPLIST_KEY_NSLocalNetworkUsageDescription = "MirrorMirror connects directly to your cameras on this network.";
				INFOPLIST_KEY_NSMicrophoneUsageDescription = "Talk through your camera.";
				INFOPLIST_KEY_NSPhotoLibraryAddUsageDescription = "MirrorMirror saves snapshots and exported clips to your photo library.";
				INFOPLIST_KEY_UIApplicationSceneManifest_Generation = YES;
				INFOPLIST_KEY_UILaunchScreen_Generation = YES;
				INFOPLIST_KEY_UIApplicationPreferredDefaultSceneSessionRole = UIWindowSceneSessionRoleApplication;
				SUPPORTED_PLATFORMS = "xros xrsimulator";
				LD_RUNPATH_SEARCH_PATHS = (
					"$(inherited)",
					"@executable_path/Frameworks",
				);
				MARKETING_VERSION = 1.0;
				PRODUCT_BUNDLE_IDENTIFIER = com.sriramph.mirrormirror.vision;
				PRODUCT_NAME = "$(TARGET_NAME)";
				SDKROOT = xros;
				SWIFT_EMIT_LOC_STRINGS = YES;
				SWIFT_VERSION = 5.0;
				TARGETED_DEVICE_FAMILY = 7;
				XROS_DEPLOYMENT_TARGET = 2.0;
			};
			name = Release;
		};
		F3000000000000000000000C /* Debug */ = {
			isa = XCBuildConfiguration;
			buildSettings = {
				APPLICATION_EXTENSION_API_ONLY = YES;
				CODE_SIGN_ENTITLEMENTS = MirrorMirrorTopShelf/MirrorMirrorTopShelf.entitlements;
				CODE_SIGN_STYLE = Automatic;
				CURRENT_PROJECT_VERSION = 1;
				DEVELOPMENT_TEAM = 3YPL755X3M;
				GENERATE_INFOPLIST_FILE = YES;
				INFOPLIST_FILE = MirrorMirrorTopShelf/Info.plist;
				INFOPLIST_KEY_CFBundleDisplayName = "MirrorMirror Top Shelf";
				LD_RUNPATH_SEARCH_PATHS = (
					"$(inherited)",
					"@executable_path/Frameworks",
					"@executable_path/../../Frameworks",
				);
				MARKETING_VERSION = 1.0;
				PRODUCT_BUNDLE_IDENTIFIER = com.sriramph.mirrormirror.tv.topshelf;
				PRODUCT_NAME = "$(TARGET_NAME)";
				SDKROOT = appletvos;
				SKIP_INSTALL = YES;
				SWIFT_EMIT_LOC_STRINGS = YES;
				SWIFT_VERSION = 5.0;
				TARGETED_DEVICE_FAMILY = 3;
				TVOS_DEPLOYMENT_TARGET = 18.0;
			};
			name = Debug;
		};
		F3000000000000000000000D /* Release */ = {
			isa = XCBuildConfiguration;
			buildSettings = {
				APPLICATION_EXTENSION_API_ONLY = YES;
				CODE_SIGN_ENTITLEMENTS = MirrorMirrorTopShelf/MirrorMirrorTopShelf.entitlements;
				CODE_SIGN_STYLE = Automatic;
				CURRENT_PROJECT_VERSION = 1;
				DEVELOPMENT_TEAM = 3YPL755X3M;
				GENERATE_INFOPLIST_FILE = YES;
				INFOPLIST_FILE = MirrorMirrorTopShelf/Info.plist;
				INFOPLIST_KEY_CFBundleDisplayName = "MirrorMirror Top Shelf";
				LD_RUNPATH_SEARCH_PATHS = (
					"$(inherited)",
					"@executable_path/Frameworks",
					"@executable_path/../../Frameworks",
				);
				MARKETING_VERSION = 1.0;
				PRODUCT_BUNDLE_IDENTIFIER = com.sriramph.mirrormirror.tv.topshelf;
				PRODUCT_NAME = "$(TARGET_NAME)";
				SDKROOT = appletvos;
				SKIP_INSTALL = YES;
				SWIFT_EMIT_LOC_STRINGS = YES;
				SWIFT_VERSION = 5.0;
				TARGETED_DEVICE_FAMILY = 3;
				TVOS_DEPLOYMENT_TARGET = 18.0;
			};
			name = Release;
		};
/* End XCBuildConfiguration section */

/* Begin XCConfigurationList section */
		805B95062D3322570073A444 /* Build configuration list for PBXProject "MirrorMirror" */ = {
			isa = XCConfigurationList;
			buildConfigurations = (
				805B952D2D3322590073A444 /* Debug */,
				805B952E2D3322590073A444 /* Release */,
			);
			defaultConfigurationIsVisible = 0;
			defaultConfigurationName = Release;
		};
		805B952F2D3322590073A444 /* Build configuration list for PBXNativeTarget "MirrorMirror" */ = {
			isa = XCConfigurationList;
			buildConfigurations = (
				805B95302D3322590073A444 /* Debug */,
				805B95312D3322590073A444 /* Release */,
			);
			defaultConfigurationIsVisible = 0;
			defaultConfigurationName = Release;
		};
		805B95322D3322590073A444 /* Build configuration list for PBXNativeTarget "MirrorMirrorTests" */ = {
			isa = XCConfigurationList;
			buildConfigurations = (
				805B95332D3322590073A444 /* Debug */,
				805B95342D3322590073A444 /* Release */,
			);
			defaultConfigurationIsVisible = 0;
			defaultConfigurationName = Release;
		};
		805B95352D3322590073A444 /* Build configuration list for PBXNativeTarget "MirrorMirrorUITests" */ = {
			isa = XCConfigurationList;
			buildConfigurations = (
				805B95362D3322590073A444 /* Debug */,
				805B95372D3322590073A444 /* Release */,
			);
			defaultConfigurationIsVisible = 0;
			defaultConfigurationName = Release;
		};
		B1000000000000000000000F /* Build configuration list for PBXNativeTarget "MirrorMirrorNotifications" */ = {
			isa = XCConfigurationList;
			buildConfigurations = (
				B1000000000000000000000D /* Debug */,
				B1000000000000000000000E /* Release */,
			);
			defaultConfigurationIsVisible = 0;
			defaultConfigurationName = Release;
		};
		D1000000000000000000000A /* Build configuration list for PBXNativeTarget "MirrorMirrorWatch" */ = {
			isa = XCConfigurationList;
			buildConfigurations = (
				D10000000000000000000008 /* Debug */,
				D10000000000000000000009 /* Release */,
			);
			defaultConfigurationIsVisible = 0;
			defaultConfigurationName = Release;
		};
		F100000000000000000009 /* Build configuration list for PBXNativeTarget "MirrorMirrorTV" */ = {
			isa = XCConfigurationList;
			buildConfigurations = (
				F100000000000000000007 /* Debug */,
				F100000000000000000008 /* Release */,
			);
			defaultConfigurationIsVisible = 0;
			defaultConfigurationName = Release;
		};
		F200000000000000000009 /* Build configuration list for PBXNativeTarget "MirrorMirrorVision" */ = {
			isa = XCConfigurationList;
			buildConfigurations = (
				F200000000000000000007 /* Debug */,
				F200000000000000000008 /* Release */,
			);
			defaultConfigurationIsVisible = 0;
			defaultConfigurationName = Release;
		};
		F3000000000000000000000E /* Build configuration list for PBXNativeTarget "MirrorMirrorTopShelf" */ = {
			isa = XCConfigurationList;
			buildConfigurations = (
				F3000000000000000000000C /* Debug */,
				F3000000000000000000000D /* Release */,
			);
			defaultConfigurationIsVisible = 0;
			defaultConfigurationName = Release;
		};
/* End XCConfigurationList section */

/* Begin XCLocalSwiftPackageReference section */
		C10000000000000000000001 /* XCLocalSwiftPackageReference "Packages/MirrorUI" */ = {
			isa = XCLocalSwiftPackageReference;
			relativePath = Packages/MirrorUI;
		};
/* End XCLocalSwiftPackageReference section */

/* Begin XCRemoteSwiftPackageReference section */
		A1B2C3D4E5F60718293A4B01 /* XCRemoteSwiftPackageReference "webrtc-xcframework" */ = {
			isa = XCRemoteSwiftPackageReference;
			repositoryURL = "https://github.com/livekit/webrtc-xcframework.git";
			requirement = {
				kind = exactVersion;
				version = 150.7871.03;
			};
		};
/* End XCRemoteSwiftPackageReference section */

/* Begin XCSwiftPackageProductDependency section */
		A1B2C3D4E5F60718293A4B02 /* LiveKitWebRTC */ = {
			isa = XCSwiftPackageProductDependency;
			package = A1B2C3D4E5F60718293A4B01 /* XCRemoteSwiftPackageReference "webrtc-xcframework" */;
			productName = LiveKitWebRTC;
		};
		C10000000000000000000002 /* MirrorUI */ = {
			isa = XCSwiftPackageProductDependency;
			productName = MirrorUI;
		};
		D1000000000000000000000B /* MirrorUI */ = {
			isa = XCSwiftPackageProductDependency;
			productName = MirrorUI;
		};
		F10000000000000000000A /* MirrorUI */ = {
			isa = XCSwiftPackageProductDependency;
			productName = MirrorUI;
		};
		F10000000000000000000C /* LiveKitWebRTC */ = {
			isa = XCSwiftPackageProductDependency;
			package = A1B2C3D4E5F60718293A4B01 /* XCRemoteSwiftPackageReference "webrtc-xcframework" */;
			productName = LiveKitWebRTC;
		};
		F20000000000000000000A /* MirrorUI */ = {
			isa = XCSwiftPackageProductDependency;
			productName = MirrorUI;
		};
		F20000000000000000000C /* LiveKitWebRTC */ = {
			isa = XCSwiftPackageProductDependency;
			package = A1B2C3D4E5F60718293A4B01 /* XCRemoteSwiftPackageReference "webrtc-xcframework" */;
			productName = LiveKitWebRTC;
		};
/* End XCSwiftPackageProductDependency section */
	};
	rootObject = 805B95032D3322570073A444 /* Project object */;
}
